PODS:
  - Expecta (1.0.6)
  - OCMock (3.4.1)
  - Specta (1.0.7)
  - Swizzlean (1.0.1)

DEPENDENCIES:
  - Expecta
  - OCMock
  - Specta
  - Swizzlean

SPEC REPOS:
  https://github.com/cocoapods/specs.git:
    - Expecta
    - OCMock
    - Specta
    - Swizzlean

SPEC CHECKSUMS:
  Expecta: 3b6bd90a64b9a1dcb0b70aa0e10a7f8f631667d5
  OCMock: 2cd0716969bab32a2283ff3a46fd26a8c8b4c5e3
  Specta: 3e1bd89c3517421982dc4d1c992503e48bd5fe66
  Swizzlean: 090f99f6e367f82b2b94ac29129b0b56f05c1c57

PODFILE CHECKSUM: b4b61bc4d78ea1380e3b59e5f18d6b4b122f0533

COCOAPODS: 1.5.3
