<?xml version="1.0" encoding="UTF-8"?>
<!DOCTYPE plist PUBLIC "-//Apple//DTD PLIST 1.0//EN" "http://www.apple.com/DTDs/PropertyList-1.0.dtd">
<plist version="1.0">
<dict>
	<key>archiveVersion</key>
	<string>1</string>
	<key>classes</key>
	<dict/>
	<key>objectVersion</key>
	<string>46</string>
	<key>objects</key>
	<dict>
		<key>3CC8ACE4BF7D4C44B27FEF60</key>
		<dict>
			<key>explicitFileType</key>
			<string>archive.ar</string>
			<key>includeInIndex</key>
			<string>0</string>
			<key>isa</key>
			<string>PBXFileReference</string>
			<key>path</key>
			<string>libPods-InstagramSimpleOAuthTests.a</string>
			<key>sourceTree</key>
			<string>BUILT_PRODUCTS_DIR</string>
		</dict>
		<key>7A8022D2C7024107A7D37A40</key>
		<dict>
			<key>fileRef</key>
			<string>3CC8ACE4BF7D4C44B27FEF60</string>
			<key>isa</key>
			<string>PBXBuildFile</string>
		</dict>
		<key>9A2BB2D6F4ED43788D682E11</key>
		<dict>
			<key>includeInIndex</key>
			<string>1</string>
			<key>isa</key>
			<string>PBXFileReference</string>
			<key>lastKnownFileType</key>
			<string>text.xcconfig</string>
			<key>name</key>
			<string>Pods-InstagramSimpleOAuthTests.xcconfig</string>
			<key>path</key>
			<string>Pods/Pods-InstagramSimpleOAuthTests.xcconfig</string>
			<key>sourceTree</key>
			<string>&lt;group&gt;</string>
		</dict>
		<key>AF407E2B1993BFA700F61872</key>
		<dict>
			<key>children</key>
			<array>
				<string>AF407E3D1993BFA700F61872</string>
				<string>AF407E5F1993BFA700F61872</string>
				<string>AF407E361993BFA700F61872</string>
				<string>AF407E351993BFA700F61872</string>
				<string>9A2BB2D6F4ED43788D682E11</string>
			</array>
			<key>isa</key>
			<string>PBXGroup</string>
			<key>sourceTree</key>
			<string>&lt;group&gt;</string>
		</dict>
		<key>AF407E2C1993BFA700F61872</key>
		<dict>
			<key>attributes</key>
			<dict>
				<key>LastUpgradeCheck</key>
				<string>0510</string>
				<key>ORGANIZATIONNAME</key>
				<string>RKB</string>
				<key>TargetAttributes</key>
				<dict>
					<key>AF407E571993BFA700F61872</key>
					<dict>
						<key>TestTargetID</key>
						<string>AF407E331993BFA700F61872</string>
					</dict>
				</dict>
			</dict>
			<key>buildConfigurationList</key>
			<string>AF407E2F1993BFA700F61872</string>
			<key>compatibilityVersion</key>
			<string>Xcode 3.2</string>
			<key>developmentRegion</key>
			<string>English</string>
			<key>hasScannedForEncodings</key>
			<string>0</string>
			<key>isa</key>
			<string>PBXProject</string>
			<key>knownRegions</key>
			<array>
				<string>en</string>
				<string>Base</string>
			</array>
			<key>mainGroup</key>
			<string>AF407E2B1993BFA700F61872</string>
			<key>productRefGroup</key>
			<string>AF407E351993BFA700F61872</string>
			<key>projectDirPath</key>
			<string></string>
			<key>projectReferences</key>
			<array/>
			<key>projectRoot</key>
			<string></string>
			<key>targets</key>
			<array>
				<string>AF407E331993BFA700F61872</string>
				<string>AF407E571993BFA700F61872</string>
			</array>
		</dict>
		<key>AF407E2F1993BFA700F61872</key>
		<dict>
			<key>buildConfigurations</key>
			<array>
				<string>AF407E671993BFA700F61872</string>
				<string>AF407E681993BFA700F61872</string>
			</array>
			<key>defaultConfigurationIsVisible</key>
			<string>0</string>
			<key>defaultConfigurationName</key>
			<string>Release</string>
			<key>isa</key>
			<string>XCConfigurationList</string>
		</dict>
		<key>AF407E301993BFA700F61872</key>
		<dict>
			<key>buildActionMask</key>
			<string>2147483647</string>
			<key>files</key>
			<array>
				<string>AF407E511993BFA700F61872</string>
				<string>AF407E481993BFA700F61872</string>
				<string>AF407E441993BFA700F61872</string>
			</array>
			<key>isa</key>
			<string>PBXSourcesBuildPhase</string>
			<key>runOnlyForDeploymentPostprocessing</key>
			<string>0</string>
		</dict>
		<key>AF407E311993BFA700F61872</key>
		<dict>
			<key>buildActionMask</key>
			<string>2147483647</string>
			<key>files</key>
			<array>
				<string>AF407E3A1993BFA700F61872</string>
				<string>AF407E3C1993BFA700F61872</string>
				<string>AF407E381993BFA700F61872</string>
			</array>
			<key>isa</key>
			<string>PBXFrameworksBuildPhase</string>
			<key>runOnlyForDeploymentPostprocessing</key>
			<string>0</string>
		</dict>
		<key>AF407E321993BFA700F61872</key>
		<dict>
			<key>buildActionMask</key>
			<string>2147483647</string>
			<key>files</key>
			<array>
				<string>AF407E4E1993BFA700F61872</string>
				<string>AF407E531993BFA700F61872</string>
				<string>AF407E4B1993BFA700F61872</string>
				<string>AF407E421993BFA700F61872</string>
			</array>
			<key>isa</key>
			<string>PBXResourcesBuildPhase</string>
			<key>runOnlyForDeploymentPostprocessing</key>
			<string>0</string>
		</dict>
		<key>AF407E331993BFA700F61872</key>
		<dict>
			<key>buildConfigurationList</key>
			<string>AF407E691993BFA700F61872</string>
			<key>buildPhases</key>
			<array>
				<string>AF407E301993BFA700F61872</string>
				<string>AF407E311993BFA700F61872</string>
				<string>AF407E321993BFA700F61872</string>
			</array>
			<key>buildRules</key>
			<array/>
			<key>dependencies</key>
			<array/>
			<key>isa</key>
			<string>PBXNativeTarget</string>
			<key>name</key>
			<string>InstagramSimpleOAuth</string>
			<key>productName</key>
			<string>InstagramSimpleOAuth</string>
			<key>productReference</key>
			<string>AF407E341993BFA700F61872</string>
			<key>productType</key>
			<string>com.apple.product-type.application</string>
		</dict>
		<key>AF407E341993BFA700F61872</key>
		<dict>
			<key>explicitFileType</key>
			<string>wrapper.application</string>
			<key>includeInIndex</key>
			<string>0</string>
			<key>isa</key>
			<string>PBXFileReference</string>
			<key>path</key>
			<string>InstagramSimpleOAuth.app</string>
			<key>sourceTree</key>
			<string>BUILT_PRODUCTS_DIR</string>
		</dict>
		<key>AF407E351993BFA700F61872</key>
		<dict>
			<key>children</key>
			<array>
				<string>AF407E341993BFA700F61872</string>
				<string>AF407E581993BFA700F61872</string>
			</array>
			<key>isa</key>
			<string>PBXGroup</string>
			<key>name</key>
			<string>Products</string>
			<key>sourceTree</key>
			<string>&lt;group&gt;</string>
		</dict>
		<key>AF407E361993BFA700F61872</key>
		<dict>
			<key>children</key>
			<array>
				<string>AF407E371993BFA700F61872</string>
				<string>AF407E391993BFA700F61872</string>
				<string>AF407E3B1993BFA700F61872</string>
				<string>AF407E591993BFA700F61872</string>
				<string>3CC8ACE4BF7D4C44B27FEF60</string>
			</array>
			<key>isa</key>
			<string>PBXGroup</string>
			<key>name</key>
			<string>Frameworks</string>
			<key>sourceTree</key>
			<string>&lt;group&gt;</string>
		</dict>
		<key>AF407E371993BFA700F61872</key>
		<dict>
			<key>isa</key>
			<string>PBXFileReference</string>
			<key>lastKnownFileType</key>
			<string>wrapper.framework</string>
			<key>name</key>
			<string>Foundation.framework</string>
			<key>path</key>
			<string>System/Library/Frameworks/Foundation.framework</string>
			<key>sourceTree</key>
			<string>SDKROOT</string>
		</dict>
		<key>AF407E381993BFA700F61872</key>
		<dict>
			<key>fileRef</key>
			<string>AF407E371993BFA700F61872</string>
			<key>isa</key>
			<string>PBXBuildFile</string>
		</dict>
		<key>AF407E391993BFA700F61872</key>
		<dict>
			<key>isa</key>
			<string>PBXFileReference</string>
			<key>lastKnownFileType</key>
			<string>wrapper.framework</string>
			<key>name</key>
			<string>CoreGraphics.framework</string>
			<key>path</key>
			<string>System/Library/Frameworks/CoreGraphics.framework</string>
			<key>sourceTree</key>
			<string>SDKROOT</string>
		</dict>
		<key>AF407E3A1993BFA700F61872</key>
		<dict>
			<key>fileRef</key>
			<string>AF407E391993BFA700F61872</string>
			<key>isa</key>
			<string>PBXBuildFile</string>
		</dict>
		<key>AF407E3B1993BFA700F61872</key>
		<dict>
			<key>isa</key>
			<string>PBXFileReference</string>
			<key>lastKnownFileType</key>
			<string>wrapper.framework</string>
			<key>name</key>
			<string>UIKit.framework</string>
			<key>path</key>
			<string>System/Library/Frameworks/UIKit.framework</string>
			<key>sourceTree</key>
			<string>SDKROOT</string>
		</dict>
		<key>AF407E3C1993BFA700F61872</key>
		<dict>
			<key>fileRef</key>
			<string>AF407E3B1993BFA700F61872</string>
			<key>isa</key>
			<string>PBXBuildFile</string>
		</dict>
		<key>AF407E3D1993BFA700F61872</key>
		<dict>
			<key>children</key>
			<array>
				<string>AF407E461993BFA700F61872</string>
				<string>AF407E471993BFA700F61872</string>
				<string>AF407E491993BFA700F61872</string>
				<string>AF407E4C1993BFA700F61872</string>
				<string>AF407E4F1993BFA700F61872</string>
				<string>AF407E501993BFA700F61872</string>
				<string>AF407E521993BFA700F61872</string>
				<string>AF407E3E1993BFA700F61872</string>
			</array>
			<key>isa</key>
			<string>PBXGroup</string>
			<key>path</key>
			<string>InstagramSimpleOAuth</string>
			<key>sourceTree</key>
			<string>&lt;group&gt;</string>
		</dict>
		<key>AF407E3E1993BFA700F61872</key>
		<dict>
			<key>children</key>
			<array>
				<string>AF407E3F1993BFA700F61872</string>
				<string>AF407E401993BFA700F61872</string>
				<string>AF407E431993BFA700F61872</string>
				<string>AF407E451993BFA700F61872</string>
			</array>
			<key>isa</key>
			<string>PBXGroup</string>
			<key>name</key>
			<string>Supporting Files</string>
			<key>sourceTree</key>
			<string>&lt;group&gt;</string>
		</dict>
		<key>AF407E3F1993BFA700F61872</key>
		<dict>
			<key>isa</key>
			<string>PBXFileReference</string>
			<key>lastKnownFileType</key>
			<string>text.plist.xml</string>
			<key>path</key>
			<string>InstagramSimpleOAuth-Info.plist</string>
			<key>sourceTree</key>
			<string>&lt;group&gt;</string>
		</dict>
		<key>AF407E401993BFA700F61872</key>
		<dict>
			<key>children</key>
			<array>
				<string>AF407E411993BFA700F61872</string>
			</array>
			<key>isa</key>
			<string>PBXVariantGroup</string>
			<key>name</key>
			<string>InfoPlist.strings</string>
			<key>sourceTree</key>
			<string>&lt;group&gt;</string>
		</dict>
		<key>AF407E411993BFA700F61872</key>
		<dict>
			<key>isa</key>
			<string>PBXFileReference</string>
			<key>lastKnownFileType</key>
			<string>text.plist.strings</string>
			<key>name</key>
			<string>en</string>
			<key>path</key>
			<string>en.lproj/InfoPlist.strings</string>
			<key>sourceTree</key>
			<string>&lt;group&gt;</string>
		</dict>
		<key>AF407E421993BFA700F61872</key>
		<dict>
			<key>fileRef</key>
			<string>AF407E401993BFA700F61872</string>
			<key>isa</key>
			<string>PBXBuildFile</string>
		</dict>
		<key>AF407E431993BFA700F61872</key>
		<dict>
			<key>isa</key>
			<string>PBXFileReference</string>
			<key>lastKnownFileType</key>
			<string>sourcecode.c.objc</string>
			<key>path</key>
			<string>main.m</string>
			<key>sourceTree</key>
			<string>&lt;group&gt;</string>
		</dict>
		<key>AF407E441993BFA700F61872</key>
		<dict>
			<key>fileRef</key>
			<string>AF407E431993BFA700F61872</string>
			<key>isa</key>
			<string>PBXBuildFile</string>
		</dict>
		<key>AF407E451993BFA700F61872</key>
		<dict>
			<key>isa</key>
			<string>PBXFileReference</string>
			<key>lastKnownFileType</key>
			<string>sourcecode.c.h</string>
			<key>path</key>
			<string>InstagramSimpleOAuth-Prefix.pch</string>
			<key>sourceTree</key>
			<string>&lt;group&gt;</string>
		</dict>
		<key>AF407E461993BFA700F61872</key>
		<dict>
			<key>isa</key>
			<string>PBXFileReference</string>
			<key>lastKnownFileType</key>
			<string>sourcecode.c.h</string>
			<key>path</key>
			<string>AppDelegate.h</string>
			<key>sourceTree</key>
			<string>&lt;group&gt;</string>
		</dict>
		<key>AF407E471993BFA700F61872</key>
		<dict>
			<key>isa</key>
			<string>PBXFileReference</string>
			<key>lastKnownFileType</key>
			<string>sourcecode.c.objc</string>
			<key>path</key>
			<string>AppDelegate.m</string>
			<key>sourceTree</key>
			<string>&lt;group&gt;</string>
		</dict>
		<key>AF407E481993BFA700F61872</key>
		<dict>
			<key>fileRef</key>
			<string>AF407E471993BFA700F61872</string>
			<key>isa</key>
			<string>PBXBuildFile</string>
		</dict>
		<key>AF407E491993BFA700F61872</key>
		<dict>
			<key>children</key>
			<array>
				<string>AF407E4A1993BFA700F61872</string>
			</array>
			<key>isa</key>
			<string>PBXVariantGroup</string>
			<key>name</key>
			<string>Main_iPhone.storyboard</string>
			<key>sourceTree</key>
			<string>&lt;group&gt;</string>
		</dict>
		<key>AF407E4A1993BFA700F61872</key>
		<dict>
			<key>isa</key>
			<string>PBXFileReference</string>
			<key>lastKnownFileType</key>
			<string>file.storyboard</string>
			<key>name</key>
			<string>Base</string>
			<key>path</key>
			<string>Base.lproj/Main_iPhone.storyboard</string>
			<key>sourceTree</key>
			<string>&lt;group&gt;</string>
		</dict>
		<key>AF407E4B1993BFA700F61872</key>
		<dict>
			<key>fileRef</key>
			<string>AF407E491993BFA700F61872</string>
			<key>isa</key>
			<string>PBXBuildFile</string>
		</dict>
		<key>AF407E4C1993BFA700F61872</key>
		<dict>
			<key>children</key>
			<array>
				<string>AF407E4D1993BFA700F61872</string>
			</array>
			<key>isa</key>
			<string>PBXVariantGroup</string>
			<key>name</key>
			<string>Main_iPad.storyboard</string>
			<key>sourceTree</key>
			<string>&lt;group&gt;</string>
		</dict>
		<key>AF407E4D1993BFA700F61872</key>
		<dict>
			<key>isa</key>
			<string>PBXFileReference</string>
			<key>lastKnownFileType</key>
			<string>file.storyboard</string>
			<key>name</key>
			<string>Base</string>
			<key>path</key>
			<string>Base.lproj/Main_iPad.storyboard</string>
			<key>sourceTree</key>
			<string>&lt;group&gt;</string>
		</dict>
		<key>AF407E4E1993BFA700F61872</key>
		<dict>
			<key>fileRef</key>
			<string>AF407E4C1993BFA700F61872</string>
			<key>isa</key>
			<string>PBXBuildFile</string>
		</dict>
		<key>AF407E4F1993BFA700F61872</key>
		<dict>
			<key>isa</key>
			<string>PBXFileReference</string>
			<key>lastKnownFileType</key>
			<string>sourcecode.c.h</string>
			<key>path</key>
			<string>ViewController.h</string>
			<key>sourceTree</key>
			<string>&lt;group&gt;</string>
		</dict>
		<key>AF407E501993BFA700F61872</key>
		<dict>
			<key>isa</key>
			<string>PBXFileReference</string>
			<key>lastKnownFileType</key>
			<string>sourcecode.c.objc</string>
			<key>path</key>
			<string>ViewController.m</string>
			<key>sourceTree</key>
			<string>&lt;group&gt;</string>
		</dict>
		<key>AF407E511993BFA700F61872</key>
		<dict>
			<key>fileRef</key>
			<string>AF407E501993BFA700F61872</string>
			<key>isa</key>
			<string>PBXBuildFile</string>
		</dict>
		<key>AF407E521993BFA700F61872</key>
		<dict>
			<key>isa</key>
			<string>PBXFileReference</string>
			<key>lastKnownFileType</key>
			<string>folder.assetcatalog</string>
			<key>path</key>
			<string>Images.xcassets</string>
			<key>sourceTree</key>
			<string>&lt;group&gt;</string>
		</dict>
		<key>AF407E531993BFA700F61872</key>
		<dict>
			<key>fileRef</key>
			<string>AF407E521993BFA700F61872</string>
			<key>isa</key>
			<string>PBXBuildFile</string>
		</dict>
		<key>AF407E541993BFA700F61872</key>
		<dict>
			<key>buildActionMask</key>
			<string>2147483647</string>
			<key>files</key>
			<array>
				<string>AF407E661993BFA700F61872</string>
			</array>
			<key>isa</key>
			<string>PBXSourcesBuildPhase</string>
			<key>runOnlyForDeploymentPostprocessing</key>
			<string>0</string>
		</dict>
		<key>AF407E551993BFA700F61872</key>
		<dict>
			<key>buildActionMask</key>
			<string>2147483647</string>
			<key>files</key>
			<array>
				<string>AF407E5A1993BFA700F61872</string>
				<string>AF407E5C1993BFA700F61872</string>
				<string>AF407E5B1993BFA700F61872</string>
				<string>7A8022D2C7024107A7D37A40</string>
			</array>
			<key>isa</key>
			<string>PBXFrameworksBuildPhase</string>
			<key>runOnlyForDeploymentPostprocessing</key>
			<string>0</string>
		</dict>
		<key>AF407E561993BFA700F61872</key>
		<dict>
			<key>buildActionMask</key>
			<string>2147483647</string>
			<key>files</key>
			<array>
				<string>AF407E641993BFA700F61872</string>
			</array>
			<key>isa</key>
			<string>PBXResourcesBuildPhase</string>
			<key>runOnlyForDeploymentPostprocessing</key>
			<string>0</string>
		</dict>
		<key>AF407E571993BFA700F61872</key>
		<dict>
			<key>buildConfigurationList</key>
			<string>AF407E6C1993BFA700F61872</string>
			<key>buildPhases</key>
			<array>
				<string>E6F9C05D51344B498C2214F9</string>
				<string>AF407E541993BFA700F61872</string>
				<string>AF407E551993BFA700F61872</string>
				<string>AF407E561993BFA700F61872</string>
				<string>D8F1909F5F824E5CBB951E32</string>
			</array>
			<key>buildRules</key>
			<array/>
			<key>dependencies</key>
			<array>
				<string>AF407E5E1993BFA700F61872</string>
			</array>
			<key>isa</key>
			<string>PBXNativeTarget</string>
			<key>name</key>
			<string>InstagramSimpleOAuthTests</string>
			<key>productName</key>
			<string>InstagramSimpleOAuthTests</string>
			<key>productReference</key>
			<string>AF407E581993BFA700F61872</string>
			<key>productType</key>
			<string>com.apple.product-type.bundle.unit-test</string>
		</dict>
		<key>AF407E581993BFA700F61872</key>
		<dict>
			<key>explicitFileType</key>
			<string>wrapper.cfbundle</string>
			<key>includeInIndex</key>
			<string>0</string>
			<key>isa</key>
			<string>PBXFileReference</string>
			<key>path</key>
			<string>InstagramSimpleOAuthTests.xctest</string>
			<key>sourceTree</key>
			<string>BUILT_PRODUCTS_DIR</string>
		</dict>
		<key>AF407E591993BFA700F61872</key>
		<dict>
			<key>isa</key>
			<string>PBXFileReference</string>
			<key>lastKnownFileType</key>
			<string>wrapper.framework</string>
			<key>name</key>
			<string>XCTest.framework</string>
			<key>path</key>
			<string>Library/Frameworks/XCTest.framework</string>
			<key>sourceTree</key>
			<string>DEVELOPER_DIR</string>
		</dict>
		<key>AF407E5A1993BFA700F61872</key>
		<dict>
			<key>fileRef</key>
			<string>AF407E591993BFA700F61872</string>
			<key>isa</key>
			<string>PBXBuildFile</string>
		</dict>
		<key>AF407E5B1993BFA700F61872</key>
		<dict>
			<key>fileRef</key>
			<string>AF407E371993BFA700F61872</string>
			<key>isa</key>
			<string>PBXBuildFile</string>
		</dict>
		<key>AF407E5C1993BFA700F61872</key>
		<dict>
			<key>fileRef</key>
			<string>AF407E3B1993BFA700F61872</string>
			<key>isa</key>
			<string>PBXBuildFile</string>
		</dict>
		<key>AF407E5D1993BFA700F61872</key>
		<dict>
			<key>containerPortal</key>
			<string>AF407E2C1993BFA700F61872</string>
			<key>isa</key>
			<string>PBXContainerItemProxy</string>
			<key>proxyType</key>
			<string>1</string>
			<key>remoteGlobalIDString</key>
			<string>AF407E331993BFA700F61872</string>
			<key>remoteInfo</key>
			<string>InstagramSimpleOAuth</string>
		</dict>
		<key>AF407E5E1993BFA700F61872</key>
		<dict>
			<key>isa</key>
			<string>PBXTargetDependency</string>
			<key>target</key>
			<string>AF407E331993BFA700F61872</string>
			<key>targetProxy</key>
			<string>AF407E5D1993BFA700F61872</string>
		</dict>
		<key>AF407E5F1993BFA700F61872</key>
		<dict>
			<key>children</key>
			<array>
				<string>AF407E651993BFA700F61872</string>
				<string>AF407E601993BFA700F61872</string>
			</array>
			<key>isa</key>
			<string>PBXGroup</string>
			<key>path</key>
			<string>InstagramSimpleOAuthTests</string>
			<key>sourceTree</key>
			<string>&lt;group&gt;</string>
		</dict>
		<key>AF407E601993BFA700F61872</key>
		<dict>
			<key>children</key>
			<array>
				<string>AF407E611993BFA700F61872</string>
				<string>AF407E621993BFA700F61872</string>
			</array>
			<key>isa</key>
			<string>PBXGroup</string>
			<key>name</key>
			<string>Supporting Files</string>
			<key>sourceTree</key>
			<string>&lt;group&gt;</string>
		</dict>
		<key>AF407E611993BFA700F61872</key>
		<dict>
			<key>isa</key>
			<string>PBXFileReference</string>
			<key>lastKnownFileType</key>
			<string>text.plist.xml</string>
			<key>path</key>
			<string>InstagramSimpleOAuthTests-Info.plist</string>
			<key>sourceTree</key>
			<string>&lt;group&gt;</string>
		</dict>
		<key>AF407E621993BFA700F61872</key>
		<dict>
			<key>children</key>
			<array>
				<string>AF407E631993BFA700F61872</string>
			</array>
			<key>isa</key>
			<string>PBXVariantGroup</string>
			<key>name</key>
			<string>InfoPlist.strings</string>
			<key>sourceTree</key>
			<string>&lt;group&gt;</string>
		</dict>
		<key>AF407E631993BFA700F61872</key>
		<dict>
			<key>isa</key>
			<string>PBXFileReference</string>
			<key>lastKnownFileType</key>
			<string>text.plist.strings</string>
			<key>name</key>
			<string>en</string>
			<key>path</key>
			<string>en.lproj/InfoPlist.strings</string>
			<key>sourceTree</key>
			<string>&lt;group&gt;</string>
		</dict>
		<key>AF407E641993BFA700F61872</key>
		<dict>
			<key>fileRef</key>
			<string>AF407E621993BFA700F61872</string>
			<key>isa</key>
			<string>PBXBuildFile</string>
		</dict>
		<key>AF407E651993BFA700F61872</key>
		<dict>
			<key>isa</key>
			<string>PBXFileReference</string>
			<key>lastKnownFileType</key>
			<string>sourcecode.c.objc</string>
			<key>path</key>
			<string>InstagramSimpleOAuthTests.m</string>
			<key>sourceTree</key>
			<string>&lt;group&gt;</string>
		</dict>
		<key>AF407E661993BFA700F61872</key>
		<dict>
			<key>fileRef</key>
			<string>AF407E651993BFA700F61872</string>
			<key>isa</key>
			<string>PBXBuildFile</string>
		</dict>
		<key>AF407E671993BFA700F61872</key>
		<dict>
			<key>buildSettings</key>
			<dict>
				<key>ALWAYS_SEARCH_USER_PATHS</key>
				<string>NO</string>
				<key>CLANG_CXX_LANGUAGE_STANDARD</key>
				<string>gnu++0x</string>
				<key>CLANG_CXX_LIBRARY</key>
				<string>libc++</string>
				<key>CLANG_ENABLE_MODULES</key>
				<string>YES</string>
				<key>CLANG_ENABLE_OBJC_ARC</key>
				<string>YES</string>
				<key>CLANG_WARN_BOOL_CONVERSION</key>
				<string>YES</string>
				<key>CLANG_WARN_CONSTANT_CONVERSION</key>
				<string>YES</string>
				<key>CLANG_WARN_DIRECT_OBJC_ISA_USAGE</key>
				<string>YES_ERROR</string>
				<key>CLANG_WARN_EMPTY_BODY</key>
				<string>YES</string>
				<key>CLANG_WARN_ENUM_CONVERSION</key>
				<string>YES</string>
				<key>CLANG_WARN_INT_CONVERSION</key>
				<string>YES</string>
				<key>CLANG_WARN_OBJC_ROOT_CLASS</key>
				<string>YES_ERROR</string>
				<key>CLANG_WARN__DUPLICATE_METHOD_MATCH</key>
				<string>YES</string>
				<key>CODE_SIGN_IDENTITY[sdk=iphoneos*]</key>
				<string>iPhone Developer</string>
				<key>COPY_PHASE_STRIP</key>
				<string>NO</string>
				<key>GCC_C_LANGUAGE_STANDARD</key>
				<string>gnu99</string>
				<key>GCC_DYNAMIC_NO_PIC</key>
				<string>NO</string>
				<key>GCC_OPTIMIZATION_LEVEL</key>
				<string>0</string>
				<key>GCC_PREPROCESSOR_DEFINITIONS</key>
				<array>
					<string>DEBUG=1</string>
					<string>$(inherited)</string>
				</array>
				<key>GCC_SYMBOLS_PRIVATE_EXTERN</key>
				<string>NO</string>
				<key>GCC_WARN_64_TO_32_BIT_CONVERSION</key>
				<string>YES</string>
				<key>GCC_WARN_ABOUT_RETURN_TYPE</key>
				<string>YES_ERROR</string>
				<key>GCC_WARN_UNDECLARED_SELECTOR</key>
				<string>YES</string>
				<key>GCC_WARN_UNINITIALIZED_AUTOS</key>
				<string>YES_AGGRESSIVE</string>
				<key>GCC_WARN_UNUSED_FUNCTION</key>
				<string>YES</string>
				<key>GCC_WARN_UNUSED_VARIABLE</key>
				<string>YES</string>
				<key>IPHONEOS_DEPLOYMENT_TARGET</key>
				<string>7.1</string>
				<key>ONLY_ACTIVE_ARCH</key>
				<string>YES</string>
				<key>SDKROOT</key>
				<string>iphoneos</string>
				<key>TARGETED_DEVICE_FAMILY</key>
				<string>1,2</string>
			</dict>
			<key>isa</key>
			<string>XCBuildConfiguration</string>
			<key>name</key>
			<string>Debug</string>
		</dict>
		<key>AF407E681993BFA700F61872</key>
		<dict>
			<key>buildSettings</key>
			<dict>
				<key>ALWAYS_SEARCH_USER_PATHS</key>
				<string>NO</string>
				<key>CLANG_CXX_LANGUAGE_STANDARD</key>
				<string>gnu++0x</string>
				<key>CLANG_CXX_LIBRARY</key>
				<string>libc++</string>
				<key>CLANG_ENABLE_MODULES</key>
				<string>YES</string>
				<key>CLANG_ENABLE_OBJC_ARC</key>
				<string>YES</string>
				<key>CLANG_WARN_BOOL_CONVERSION</key>
				<string>YES</string>
				<key>CLANG_WARN_CONSTANT_CONVERSION</key>
				<string>YES</string>
				<key>CLANG_WARN_DIRECT_OBJC_ISA_USAGE</key>
				<string>YES_ERROR</string>
				<key>CLANG_WARN_EMPTY_BODY</key>
				<string>YES</string>
				<key>CLANG_WARN_ENUM_CONVERSION</key>
				<string>YES</string>
				<key>CLANG_WARN_INT_CONVERSION</key>
				<string>YES</string>
				<key>CLANG_WARN_OBJC_ROOT_CLASS</key>
				<string>YES_ERROR</string>
				<key>CLANG_WARN__DUPLICATE_METHOD_MATCH</key>
				<string>YES</string>
				<key>CODE_SIGN_IDENTITY[sdk=iphoneos*]</key>
				<string>iPhone Developer</string>
				<key>COPY_PHASE_STRIP</key>
				<string>YES</string>
				<key>ENABLE_NS_ASSERTIONS</key>
				<string>NO</string>
				<key>GCC_C_LANGUAGE_STANDARD</key>
				<string>gnu99</string>
				<key>GCC_WARN_64_TO_32_BIT_CONVERSION</key>
				<string>YES</string>
				<key>GCC_WARN_ABOUT_RETURN_TYPE</key>
				<string>YES_ERROR</string>
				<key>GCC_WARN_UNDECLARED_SELECTOR</key>
				<string>YES</string>
				<key>GCC_WARN_UNINITIALIZED_AUTOS</key>
				<string>YES_AGGRESSIVE</string>
				<key>GCC_WARN_UNUSED_FUNCTION</key>
				<string>YES</string>
				<key>GCC_WARN_UNUSED_VARIABLE</key>
				<string>YES</string>
				<key>IPHONEOS_DEPLOYMENT_TARGET</key>
				<string>7.1</string>
				<key>SDKROOT</key>
				<string>iphoneos</string>
				<key>TARGETED_DEVICE_FAMILY</key>
				<string>1,2</string>
				<key>VALIDATE_PRODUCT</key>
				<string>YES</string>
			</dict>
			<key>isa</key>
			<string>XCBuildConfiguration</string>
			<key>name</key>
			<string>Release</string>
		</dict>
		<key>AF407E691993BFA700F61872</key>
		<dict>
			<key>buildConfigurations</key>
			<array>
				<string>AF407E6A1993BFA700F61872</string>
				<string>AF407E6B1993BFA700F61872</string>
			</array>
			<key>defaultConfigurationIsVisible</key>
			<string>0</string>
			<key>isa</key>
			<string>XCConfigurationList</string>
		</dict>
		<key>AF407E6A1993BFA700F61872</key>
		<dict>
			<key>buildSettings</key>
			<dict>
				<key>ASSETCATALOG_COMPILER_APPICON_NAME</key>
				<string>AppIcon</string>
				<key>ASSETCATALOG_COMPILER_LAUNCHIMAGE_NAME</key>
				<string>LaunchImage</string>
				<key>GCC_PRECOMPILE_PREFIX_HEADER</key>
				<string>YES</string>
				<key>GCC_PREFIX_HEADER</key>
				<string>InstagramSimpleOAuth/InstagramSimpleOAuth-Prefix.pch</string>
				<key>INFOPLIST_FILE</key>
				<string>InstagramSimpleOAuth/InstagramSimpleOAuth-Info.plist</string>
				<key>PRODUCT_NAME</key>
				<string>$(TARGET_NAME)</string>
				<key>WRAPPER_EXTENSION</key>
				<string>app</string>
			</dict>
			<key>isa</key>
			<string>XCBuildConfiguration</string>
			<key>name</key>
			<string>Debug</string>
		</dict>
		<key>AF407E6B1993BFA700F61872</key>
		<dict>
			<key>buildSettings</key>
			<dict>
				<key>ASSETCATALOG_COMPILER_APPICON_NAME</key>
				<string>AppIcon</string>
				<key>ASSETCATALOG_COMPILER_LAUNCHIMAGE_NAME</key>
				<string>LaunchImage</string>
				<key>GCC_PRECOMPILE_PREFIX_HEADER</key>
				<string>YES</string>
				<key>GCC_PREFIX_HEADER</key>
				<string>InstagramSimpleOAuth/InstagramSimpleOAuth-Prefix.pch</string>
				<key>INFOPLIST_FILE</key>
				<string>InstagramSimpleOAuth/InstagramSimpleOAuth-Info.plist</string>
				<key>PRODUCT_NAME</key>
				<string>$(TARGET_NAME)</string>
				<key>WRAPPER_EXTENSION</key>
				<string>app</string>
			</dict>
			<key>isa</key>
			<string>XCBuildConfiguration</string>
			<key>name</key>
			<string>Release</string>
		</dict>
		<key>AF407E6C1993BFA700F61872</key>
		<dict>
			<key>buildConfigurations</key>
			<array>
				<string>AF407E6D1993BFA700F61872</string>
				<string>AF407E6E1993BFA700F61872</string>
			</array>
			<key>defaultConfigurationIsVisible</key>
			<string>0</string>
			<key>isa</key>
			<string>XCConfigurationList</string>
		</dict>
		<key>AF407E6D1993BFA700F61872</key>
		<dict>
			<key>baseConfigurationReference</key>
			<string>9A2BB2D6F4ED43788D682E11</string>
			<key>buildSettings</key>
			<dict>
				<key>BUNDLE_LOADER</key>
				<string>$(BUILT_PRODUCTS_DIR)/InstagramSimpleOAuth.app/InstagramSimpleOAuth</string>
				<key>FRAMEWORK_SEARCH_PATHS</key>
				<array>
					<string>$(SDKROOT)/Developer/Library/Frameworks</string>
					<string>$(inherited)</string>
					<string>$(DEVELOPER_FRAMEWORKS_DIR)</string>
				</array>
				<key>GCC_PRECOMPILE_PREFIX_HEADER</key>
				<string>YES</string>
				<key>GCC_PREFIX_HEADER</key>
				<string>InstagramSimpleOAuth/InstagramSimpleOAuth-Prefix.pch</string>
				<key>GCC_PREPROCESSOR_DEFINITIONS</key>
				<array>
					<string>DEBUG=1</string>
					<string>$(inherited)</string>
				</array>
				<key>INFOPLIST_FILE</key>
				<string>InstagramSimpleOAuthTests/InstagramSimpleOAuthTests-Info.plist</string>
				<key>PRODUCT_NAME</key>
				<string>$(TARGET_NAME)</string>
				<key>TEST_HOST</key>
				<string>$(BUNDLE_LOADER)</string>
				<key>WRAPPER_EXTENSION</key>
				<string>xctest</string>
			</dict>
			<key>isa</key>
			<string>XCBuildConfiguration</string>
			<key>name</key>
			<string>Debug</string>
		</dict>
		<key>AF407E6E1993BFA700F61872</key>
		<dict>
			<key>baseConfigurationReference</key>
			<string>9A2BB2D6F4ED43788D682E11</string>
			<key>buildSettings</key>
			<dict>
				<key>BUNDLE_LOADER</key>
				<string>$(BUILT_PRODUCTS_DIR)/InstagramSimpleOAuth.app/InstagramSimpleOAuth</string>
				<key>FRAMEWORK_SEARCH_PATHS</key>
				<array>
					<string>$(SDKROOT)/Developer/Library/Frameworks</string>
					<string>$(inherited)</string>
					<string>$(DEVELOPER_FRAMEWORKS_DIR)</string>
				</array>
				<key>GCC_PRECOMPILE_PREFIX_HEADER</key>
				<string>YES</string>
				<key>GCC_PREFIX_HEADER</key>
				<string>InstagramSimpleOAuth/InstagramSimpleOAuth-Prefix.pch</string>
				<key>INFOPLIST_FILE</key>
				<string>InstagramSimpleOAuthTests/InstagramSimpleOAuthTests-Info.plist</string>
				<key>PRODUCT_NAME</key>
				<string>$(TARGET_NAME)</string>
				<key>TEST_HOST</key>
				<string>$(BUNDLE_LOADER)</string>
				<key>WRAPPER_EXTENSION</key>
				<string>xctest</string>
			</dict>
			<key>isa</key>
			<string>XCBuildConfiguration</string>
			<key>name</key>
			<string>Release</string>
		</dict>
		<key>D8F1909F5F824E5CBB951E32</key>
		<dict>
			<key>buildActionMask</key>
			<string>2147483647</string>
			<key>files</key>
			<array/>
			<key>inputPaths</key>
			<array/>
			<key>isa</key>
			<string>PBXShellScriptBuildPhase</string>
			<key>name</key>
			<string>Copy Pods Resources</string>
			<key>outputPaths</key>
			<array/>
			<key>runOnlyForDeploymentPostprocessing</key>
			<string>0</string>
			<key>shellPath</key>
			<string>/bin/sh</string>
			<key>shellScript</key>
			<string>"${SRCROOT}/Pods/Pods-InstagramSimpleOAuthTests-resources.sh"
</string>
			<key>showEnvVarsInLog</key>
			<string>0</string>
		</dict>
		<key>E6F9C05D51344B498C2214F9</key>
		<dict>
			<key>buildActionMask</key>
			<string>2147483647</string>
			<key>files</key>
			<array/>
			<key>inputPaths</key>
			<array/>
			<key>isa</key>
			<string>PBXShellScriptBuildPhase</string>
			<key>name</key>
			<string>Check Pods Manifest.lock</string>
			<key>outputPaths</key>
			<array/>
			<key>runOnlyForDeploymentPostprocessing</key>
			<string>0</string>
			<key>shellPath</key>
			<string>/bin/sh</string>
			<key>shellScript</key>
			<string>diff "${PODS_ROOT}/../Podfile.lock" "${PODS_ROOT}/Manifest.lock" &gt; /dev/null
if [[ $? != 0 ]] ; then
    cat &lt;&lt; EOM
error: The sandbox is not in sync with the Podfile.lock. Run 'pod install' or update your CocoaPods installation.
EOM
    exit 1
fi
</string>
			<key>showEnvVarsInLog</key>
			<string>0</string>
		</dict>
	</dict>
	<key>rootObject</key>
	<string>AF407E2C1993BFA700F61872</string>
</dict>
</plist>
