// !$*UTF8*$!
{
	archiveVersion = 1;
	classes = {
	};
	objectVersion = 46;
	objects = {

/* Begin PBXBuildFile section */
		AF407E381993BFA700F61872 /* Foundation.framework in Frameworks */ = {isa = PBXBuildFile; fileRef = AF407E371993BFA700F61872 /* Foundation.framework */; };
		AF407E3A1993BFA700F61872 /* CoreGraphics.framework in Frameworks */ = {isa = PBXBuildFile; fileRef = AF407E391993BFA700F61872 /* CoreGraphics.framework */; };
		AF407E3C1993BFA700F61872 /* UIKit.framework in Frameworks */ = {isa = PBXBuildFile; fileRef = AF407E3B1993BFA700F61872 /* UIKit.framework */; };
		AF407E421993BFA700F61872 /* InfoPlist.strings in Resources */ = {isa = PBXBuildFile; fileRef = AF407E401993BFA700F61872 /* InfoPlist.strings */; };
		AF407E441993BFA700F61872 /* main.m in Sources */ = {isa = PBXBuildFile; fileRef = AF407E431993BFA700F61872 /* main.m */; };
		AF407E481993BFA700F61872 /* AppDelegate.m in Sources */ = {isa = PBXBuildFile; fileRef = AF407E471993BFA700F61872 /* AppDelegate.m */; };
		AF407E4B1993BFA700F61872 /* Main_iPhone.storyboard in Resources */ = {isa = PBXBuildFile; fileRef = AF407E491993BFA700F61872 /* Main_iPhone.storyboard */; };
		AF407E4E1993BFA700F61872 /* Main_iPad.storyboard in Resources */ = {isa = PBXBuildFile; fileRef = AF407E4C1993BFA700F61872 /* Main_iPad.storyboard */; };
		AF407E511993BFA700F61872 /* ViewController.m in Sources */ = {isa = PBXBuildFile; fileRef = AF407E501993BFA700F61872 /* ViewController.m */; };
		AF407E531993BFA700F61872 /* Images.xcassets in Resources */ = {isa = PBXBuildFile; fileRef = AF407E521993BFA700F61872 /* Images.xcassets */; };
		AF407E5A1993BFA700F61872 /* XCTest.framework in Frameworks */ = {isa = PBXBuildFile; fileRef = AF407E591993BFA700F61872 /* XCTest.framework */; };
		AF407E5B1993BFA700F61872 /* Foundation.framework in Frameworks */ = {isa = PBXBuildFile; fileRef = AF407E371993BFA700F61872 /* Foundation.framework */; };
		AF407E5C1993BFA700F61872 /* UIKit.framework in Frameworks */ = {isa = PBXBuildFile; fileRef = AF407E3B1993BFA700F61872 /* UIKit.framework */; };
		AF407E641993BFA700F61872 /* InfoPlist.strings in Resources */ = {isa = PBXBuildFile; fileRef = AF407E621993BFA700F61872 /* InfoPlist.strings */; };
		AF407E661993BFA700F61872 /* InstagramSimpleOAuthTests.m in Sources */ = {isa = PBXBuildFile; fileRef = AF407E651993BFA700F61872 /* InstagramSimpleOAuthTests.m */; };
/* End PBXBuildFile section */

/* Begin PBXContainerItemProxy section */
		AF407E5D1993BFA700F61872 /* PBXContainerItemProxy */ = {
			isa = PBXContainerItemProxy;
			containerPortal = AF407E2C1993BFA700F61872 /* Project object */;
			proxyType = 1;
			remoteGlobalIDString = AF407E331993BFA700F61872;
			remoteInfo = InstagramSimpleOAuth;
		};
/* End PBXContainerItemProxy section */

/* Begin PBXFileReference section */
		AF407E341993BFA700F61872 /* InstagramSimpleOAuth.app */ = {isa = PBXFileReference; explicitFileType = wrapper.application; includeInIndex = 0; path = InstagramSimpleOAuth.app; sourceTree = BUILT_PRODUCTS_DIR; };
		AF407E371993BFA700F61872 /* Foundation.framework */ = {isa = PBXFileReference; lastKnownFileType = wrapper.framework; name = Foundation.framework; path = System/Library/Frameworks/Foundation.framework; sourceTree = SDKROOT; };
		AF407E391993BFA700F61872 /* CoreGraphics.framework */ = {isa = PBXFileReference; lastKnownFileType = wrapper.framework; name = CoreGraphics.framework; path = System/Library/Frameworks/CoreGraphics.framework; sourceTree = SDKROOT; };
		AF407E3B1993BFA700F61872 /* UIKit.framework */ = {isa = PBXFileReference; lastKnownFileType = wrapper.framework; name = UIKit.framework; path = System/Library/Frameworks/UIKit.framework; sourceTree = SDKROOT; };
		AF407E3F1993BFA700F61872 /* InstagramSimpleOAuth-Info.plist */ = {isa = PBXFileReference; lastKnownFileType = text.plist.xml; path = "InstagramSimpleOAuth-Info.plist"; sourceTree = "<group>"; };
		AF407E411993BFA700F61872 /* en */ = {isa = PBXFileReference; lastKnownFileType = text.plist.strings; name = en; path = en.lproj/InfoPlist.strings; sourceTree = "<group>"; };
		AF407E431993BFA700F61872 /* main.m */ = {isa = PBXFileReference; lastKnownFileType = sourcecode.c.objc; path = main.m; sourceTree = "<group>"; };
		AF407E451993BFA700F61872 /* InstagramSimpleOAuth-Prefix.pch */ = {isa = PBXFileReference; lastKnownFileType = sourcecode.c.h; path = "InstagramSimpleOAuth-Prefix.pch"; sourceTree = "<group>"; };
		AF407E461993BFA700F61872 /* AppDelegate.h */ = {isa = PBXFileReference; lastKnownFileType = sourcecode.c.h; path = AppDelegate.h; sourceTree = "<group>"; };
		AF407E471993BFA700F61872 /* AppDelegate.m */ = {isa = PBXFileReference; lastKnownFileType = sourcecode.c.objc; path = AppDelegate.m; sourceTree = "<group>"; };
		AF407E4A1993BFA700F61872 /* Base */ = {isa = PBXFileReference; lastKnownFileType = file.storyboard; name = Base; path = Base.lproj/Main_iPhone.storyboard; sourceTree = "<group>"; };
		AF407E4D1993BFA700F61872 /* Base */ = {isa = PBXFileReference; lastKnownFileType = file.storyboard; name = Base; path = Base.lproj/Main_iPad.storyboard; sourceTree = "<group>"; };
		AF407E4F1993BFA700F61872 /* ViewController.h */ = {isa = PBXFileReference; lastKnownFileType = sourcecode.c.h; path = ViewController.h; sourceTree = "<group>"; };
		AF407E501993BFA700F61872 /* ViewController.m */ = {isa = PBXFileReference; lastKnownFileType = sourcecode.c.objc; path = ViewController.m; sourceTree = "<group>"; };
		AF407E521993BFA700F61872 /* Images.xcassets */ = {isa = PBXFileReference; lastKnownFileType = folder.assetcatalog; path = Images.xcassets; sourceTree = "<group>"; };
		AF407E581993BFA700F61872 /* InstagramSimpleOAuthTests.xctest */ = {isa = PBXFileReference; explicitFileType = wrapper.cfbundle; includeInIndex = 0; path = InstagramSimpleOAuthTests.xctest; sourceTree = BUILT_PRODUCTS_DIR; };
		AF407E591993BFA700F61872 /* XCTest.framework */ = {isa = PBXFileReference; lastKnownFileType = wrapper.framework; name = XCTest.framework; path = Library/Frameworks/XCTest.framework; sourceTree = DEVELOPER_DIR; };
		AF407E611993BFA700F61872 /* InstagramSimpleOAuthTests-Info.plist */ = {isa = PBXFileReference; lastKnownFileType = text.plist.xml; path = "InstagramSimpleOAuthTests-Info.plist"; sourceTree = "<group>"; };
		AF407E631993BFA700F61872 /* en */ = {isa = PBXFileReference; lastKnownFileType = text.plist.strings; name = en; path = en.lproj/InfoPlist.strings; sourceTree = "<group>"; };
		AF407E651993BFA700F61872 /* InstagramSimpleOAuthTests.m */ = {isa = PBXFileReference; lastKnownFileType = sourcecode.c.objc; path = InstagramSimpleOAuthTests.m; sourceTree = "<group>"; };
/* End PBXFileReference section */

/* Begin PBXFrameworksBuildPhase section */
		AF407E311993BFA700F61872 /* Frameworks */ = {
			isa = PBXFrameworksBuildPhase;
			buildActionMask = 2147483647;
			files = (
				AF407E3A1993BFA700F61872 /* CoreGraphics.framework in Frameworks */,
				AF407E3C1993BFA700F61872 /* UIKit.framework in Frameworks */,
				AF407E381993BFA700F61872 /* Foundation.framework in Frameworks */,
			);
			runOnlyForDeploymentPostprocessing = 0;
		};
		AF407E551993BFA700F61872 /* Frameworks */ = {
			isa = PBXFrameworksBuildPhase;
			buildActionMask = 2147483647;
			files = (
				AF407E5A1993BFA700F61872 /* XCTest.framework in Frameworks */,
				AF407E5C1993BFA700F61872 /* UIKit.framework in Frameworks */,
				AF407E5B1993BFA700F61872 /* Foundation.framework in Frameworks */,
			);
			runOnlyForDeploymentPostprocessing = 0;
		};
/* End PBXFrameworksBuildPhase section */

/* Begin PBXGroup section */
		AF407E2B1993BFA700F61872 = {
			isa = PBXGroup;
			children = (
				AF407E3D1993BFA700F61872 /* InstagramSimpleOAuth */,
				AF407E5F1993BFA700F61872 /* InstagramSimpleOAuthTests */,
				AF407E361993BFA700F61872 /* Frameworks */,
				AF407E351993BFA700F61872 /* Products */,
			);
			sourceTree = "<group>";
		};
		AF407E351993BFA700F61872 /* Products */ = {
			isa = PBXGroup;
			children = (
				AF407E341993BFA700F61872 /* InstagramSimpleOAuth.app */,
				AF407E581993BFA700F61872 /* InstagramSimpleOAuthTests.xctest */,
			);
			name = Products;
			sourceTree = "<group>";
		};
		AF407E361993BFA700F61872 /* Frameworks */ = {
			isa = PBXGroup;
			children = (
				AF407E371993BFA700F61872 /* Foundation.framework */,
				AF407E391993BFA700F61872 /* CoreGraphics.framework */,
				AF407E3B1993BFA700F61872 /* UIKit.framework */,
				AF407E591993BFA700F61872 /* XCTest.framework */,
			);
			name = Frameworks;
			sourceTree = "<group>";
		};
		AF407E3D1993BFA700F61872 /* InstagramSimpleOAuth */ = {
			isa = PBXGroup;
			children = (
				AF407E461993BFA700F61872 /* AppDelegate.h */,
				AF407E471993BFA700F61872 /* AppDelegate.m */,
				AF407E491993BFA700F61872 /* Main_iPhone.storyboard */,
				AF407E4C1993BFA700F61872 /* Main_iPad.storyboard */,
				AF407E4F1993BFA700F61872 /* ViewController.h */,
				AF407E501993BFA700F61872 /* ViewController.m */,
				AF407E521993BFA700F61872 /* Images.xcassets */,
				AF407E3E1993BFA700F61872 /* Supporting Files */,
			);
			path = InstagramSimpleOAuth;
			sourceTree = "<group>";
		};
		AF407E3E1993BFA700F61872 /* Supporting Files */ = {
			isa = PBXGroup;
			children = (
				AF407E3F1993BFA700F61872 /* InstagramSimpleOAuth-Info.plist */,
				AF407E401993BFA700F61872 /* InfoPlist.strings */,
				AF407E431993BFA700F61872 /* main.m */,
				AF407E451993BFA700F61872 /* InstagramSimpleOAuth-Prefix.pch */,
			);
			name = "Supporting Files";
			sourceTree = "<group>";
		};
		AF407E5F1993BFA700F61872 /* InstagramSimpleOAuthTests */ = {
			isa = PBXGroup;
			children = (
				AF407E651993BFA700F61872 /* InstagramSimpleOAuthTests.m */,
				AF407E601993BFA700F61872 /* Supporting Files */,
			);
			path = InstagramSimpleOAuthTests;
			sourceTree = "<group>";
		};
		AF407E601993BFA700F61872 /* Supporting Files */ = {
			isa = PBXGroup;
			children = (
				AF407E611993BFA700F61872 /* InstagramSimpleOAuthTests-Info.plist */,
				AF407E621993BFA700F61872 /* InfoPlist.strings */,
			);
			name = "Supporting Files";
			sourceTree = "<group>";
		};
/* End PBXGroup section */

/* Begin PBXNativeTarget section */
		AF407E331993BFA700F61872 /* InstagramSimpleOAuth */ = {
			isa = PBXNativeTarget;
			buildConfigurationList = AF407E691993BFA700F61872 /* Build configuration list for PBXNativeTarget "InstagramSimpleOAuth" */;
			buildPhases = (
				AF407E301993BFA700F61872 /* Sources */,
				AF407E311993BFA700F61872 /* Frameworks */,
				AF407E321993BFA700F61872 /* Resources */,
			);
			buildRules = (
			);
			dependencies = (
			);
			name = InstagramSimpleOAuth;
			productName = InstagramSimpleOAuth;
			productReference = AF407E341993BFA700F61872 /* InstagramSimpleOAuth.app */;
			productType = "com.apple.product-type.application";
		};
		AF407E571993BFA700F61872 /* InstagramSimpleOAuthTests */ = {
			isa = PBXNativeTarget;
			buildConfigurationList = AF407E6C1993BFA700F61872 /* Build configuration list for PBXNativeTarget "InstagramSimpleOAuthTests" */;
			buildPhases = (
				AF407E541993BFA700F61872 /* Sources */,
				AF407E551993BFA700F61872 /* Frameworks */,
				AF407E561993BFA700F61872 /* Resources */,
			);
			buildRules = (
			);
			dependencies = (
				AF407E5E1993BFA700F61872 /* PBXTargetDependency */,
			);
			name = InstagramSimpleOAuthTests;
			productName = InstagramSimpleOAuthTests;
			productReference = AF407E581993BFA700F61872 /* InstagramSimpleOAuthTests.xctest */;
			productType = "com.apple.product-type.bundle.unit-test";
		};
/* End PBXNativeTarget section */

/* Begin PBXProject section */
		AF407E2C1993BFA700F61872 /* Project object */ = {
			isa = PBXProject;
			attributes = {
				LastUpgradeCheck = 0510;
				ORGANIZATIONNAME = RKB;
				TargetAttributes = {
					AF407E571993BFA700F61872 = {
						TestTargetID = AF407E331993BFA700F61872;
					};
				};
			};
			buildConfigurationList = AF407E2F1993BFA700F61872 /* Build configuration list for PBXProject "InstagramSimpleOAuth" */;
			compatibilityVersion = "Xcode 3.2";
			developmentRegion = English;
			hasScannedForEncodings = 0;
			knownRegions = (
				en,
				Base,
			);
			mainGroup = AF407E2B1993BFA700F61872;
			productRefGroup = AF407E351993BFA700F61872 /* Products */;
			projectDirPath = "";
			projectRoot = "";
			targets = (
				AF407E331993BFA700F61872 /* InstagramSimpleOAuth */,
				AF407E571993BFA700F61872 /* InstagramSimpleOAuthTests */,
			);
		};
/* End PBXProject section */

/* Begin PBXResourcesBuildPhase section */
		AF407E321993BFA700F61872 /* Resources */ = {
			isa = PBXResourcesBuildPhase;
			buildActionMask = 2147483647;
			files = (
				AF407E4E1993BFA700F61872 /* Main_iPad.storyboard in Resources */,
				AF407E531993BFA700F61872 /* Images.xcassets in Resources */,
				AF407E4B1993BFA700F61872 /* Main_iPhone.storyboard in Resources */,
				AF407E421993BFA700F61872 /* InfoPlist.strings in Resources */,
			);
			runOnlyForDeploymentPostprocessing = 0;
		};
		AF407E561993BFA700F61872 /* Resources */ = {
			isa = PBXResourcesBuildPhase;
			buildActionMask = 2147483647;
			files = (
				AF407E641993BFA700F61872 /* InfoPlist.strings in Resources */,
			);
			runOnlyForDeploymentPostprocessing = 0;
		};
/* End PBXResourcesBuildPhase section */

/* Begin PBXSourcesBuildPhase section */
		AF407E301993BFA700F61872 /* Sources */ = {
			isa = PBXSourcesBuildPhase;
			buildActionMask = 2147483647;
			files = (
				AF407E511993BFA700F61872 /* ViewController.m in Sources */,
				AF407E481993BFA700F61872 /* AppDelegate.m in Sources */,
				AF407E441993BFA700F61872 /* main.m in Sources */,
			);
			runOnlyForDeploymentPostprocessing = 0;
		};
		AF407E541993BFA700F61872 /* Sources */ = {
			isa = PBXSourcesBuildPhase;
			buildActionMask = 2147483647;
			files = (
				AF407E661993BFA700F61872 /* InstagramSimpleOAuthTests.m in Sources */,
			);
			runOnlyForDeploymentPostprocessing = 0;
		};
/* End PBXSourcesBuildPhase section */

/* Begin PBXTargetDependency section */
		AF407E5E1993BFA700F61872 /* PBXTargetDependency */ = {
			isa = PBXTargetDependency;
			target = AF407E331993BFA700F61872 /* InstagramSimpleOAuth */;
			targetProxy = AF407E5D1993BFA700F61872 /* PBXContainerItemProxy */;
		};
/* End PBXTargetDependency section */

/* Begin PBXVariantGroup section */
		AF407E401993BFA700F61872 /* InfoPlist.strings */ = {
			isa = PBXVariantGroup;
			children = (
				AF407E411993BFA700F61872 /* en */,
			);
			name = InfoPlist.strings;
			sourceTree = "<group>";
		};
		AF407E491993BFA700F61872 /* Main_iPhone.storyboard */ = {
			isa = PBXVariantGroup;
			children = (
				AF407E4A1993BFA700F61872 /* Base */,
			);
			name = Main_iPhone.storyboard;
			sourceTree = "<group>";
		};
		AF407E4C1993BFA700F61872 /* Main_iPad.storyboard */ = {
			isa = PBXVariantGroup;
			children = (
				AF407E4D1993BFA700F61872 /* Base */,
			);
			name = Main_iPad.storyboard;
			sourceTree = "<group>";
		};
		AF407E621993BFA700F61872 /* InfoPlist.strings */ = {
			isa = PBXVariantGroup;
			children = (
				AF407E631993BFA700F61872 /* en */,
			);
			name = InfoPlist.strings;
			sourceTree = "<group>";
		};
/* End PBXVariantGroup section */

/* Begin XCBuildConfiguration section */
		AF407E671993BFA700F61872 /* Debug */ = {
			isa = XCBuildConfiguration;
			buildSettings = {
				ALWAYS_SEARCH_USER_PATHS = NO;
				CLANG_CXX_LANGUAGE_STANDARD = "gnu++0x";
				CLANG_CXX_LIBRARY = "libc++";
				CLANG_ENABLE_MODULES = YES;
				CLANG_ENABLE_OBJC_ARC = YES;
				CLANG_WARN_BOOL_CONVERSION = YES;
				CLANG_WARN_CONSTANT_CONVERSION = YES;
				CLANG_WARN_DIRECT_OBJC_ISA_USAGE = YES_ERROR;
				CLANG_WARN_EMPTY_BODY = YES;
				CLANG_WARN_ENUM_CONVERSION = YES;
				CLANG_WARN_INT_CONVERSION = YES;
				CLANG_WARN_OBJC_ROOT_CLASS = YES_ERROR;
				CLANG_WARN__DUPLICATE_METHOD_MATCH = YES;
				"CODE_SIGN_IDENTITY[sdk=iphoneos*]" = "iPhone Developer";
				COPY_PHASE_STRIP = NO;
				GCC_C_LANGUAGE_STANDARD = gnu99;
				GCC_DYNAMIC_NO_PIC = NO;
				GCC_OPTIMIZATION_LEVEL = 0;
				GCC_PREPROCESSOR_DEFINITIONS = (
					"DEBUG=1",
					"$(inherited)",
				);
				GCC_SYMBOLS_PRIVATE_EXTERN = NO;
				GCC_WARN_64_TO_32_BIT_CONVERSION = YES;
				GCC_WARN_ABOUT_RETURN_TYPE = YES_ERROR;
				GCC_WARN_UNDECLARED_SELECTOR = YES;
				GCC_WARN_UNINITIALIZED_AUTOS = YES_AGGRESSIVE;
				GCC_WARN_UNUSED_FUNCTION = YES;
				GCC_WARN_UNUSED_VARIABLE = YES;
				IPHONEOS_DEPLOYMENT_TARGET = 7.1;
				ONLY_ACTIVE_ARCH = YES;
				SDKROOT = iphoneos;
				TARGETED_DEVICE_FAMILY = "1,2";
			};
			name = Debug;
		};
		AF407E681993BFA700F61872 /* Release */ = {
			isa = XCBuildConfiguration;
			buildSettings = {
				ALWAYS_SEARCH_USER_PATHS = NO;
				CLANG_CXX_LANGUAGE_STANDARD = "gnu++0x";
				CLANG_CXX_LIBRARY = "libc++";
				CLANG_ENABLE_MODULES = YES;
				CLANG_ENABLE_OBJC_ARC = YES;
				CLANG_WARN_BOOL_CONVERSION = YES;
				CLANG_WARN_CONSTANT_CONVERSION = YES;
				CLANG_WARN_DIRECT_OBJC_ISA_USAGE = YES_ERROR;
				CLANG_WARN_EMPTY_BODY = YES;
				CLANG_WARN_ENUM_CONVERSION = YES;
				CLANG_WARN_INT_CONVERSION = YES;
				CLANG_WARN_OBJC_ROOT_CLASS = YES_ERROR;
				CLANG_WARN__DUPLICATE_METHOD_MATCH = YES;
				"CODE_SIGN_IDENTITY[sdk=iphoneos*]" = "iPhone Developer";
				COPY_PHASE_STRIP = YES;
				ENABLE_NS_ASSERTIONS = NO;
				GCC_C_LANGUAGE_STANDARD = gnu99;
				GCC_WARN_64_TO_32_BIT_CONVERSION = YES;
				GCC_WARN_ABOUT_RETURN_TYPE = YES_ERROR;
				GCC_WARN_UNDECLARED_SELECTOR = YES;
				GCC_WARN_UNINITIALIZED_AUTOS = YES_AGGRESSIVE;
				GCC_WARN_UNUSED_FUNCTION = YES;
				GCC_WARN_UNUSED_VARIABLE = YES;
				IPHONEOS_DEPLOYMENT_TARGET = 7.1;
				SDKROOT = iphoneos;
				TARGETED_DEVICE_FAMILY = "1,2";
				VALIDATE_PRODUCT = YES;
			};
			name = Release;
		};
		AF407E6A1993BFA700F61872 /* Debug */ = {
			isa = XCBuildConfiguration;
			buildSettings = {
				ASSETCATALOG_COMPILER_APPICON_NAME = AppIcon;
				ASSETCATALOG_COMPILER_LAUNCHIMAGE_NAME = LaunchImage;
				GCC_PRECOMPILE_PREFIX_HEADER = YES;
				GCC_PREFIX_HEADER = "InstagramSimpleOAuth/InstagramSimpleOAuth-Prefix.pch";
				INFOPLIST_FILE = "InstagramSimpleOAuth/InstagramSimpleOAuth-Info.plist";
				PRODUCT_NAME = "$(TARGET_NAME)";
				WRAPPER_EXTENSION = app;
			};
			name = Debug;
		};
		AF407E6B1993BFA700F61872 /* Release */ = {
			isa = XCBuildConfiguration;
			buildSettings = {
				ASSETCATALOG_COMPILER_APPICON_NAME = AppIcon;
				ASSETCATALOG_COMPILER_LAUNCHIMAGE_NAME = LaunchImage;
				GCC_PRECOMPILE_PREFIX_HEADER = YES;
				GCC_PREFIX_HEADER = "InstagramSimpleOAuth/InstagramSimpleOAuth-Prefix.pch";
				INFOPLIST_FILE = "InstagramSimpleOAuth/InstagramSimpleOAuth-Info.plist";
				PRODUCT_NAME = "$(TARGET_NAME)";
				WRAPPER_EXTENSION = app;
			};
			name = Release;
		};
		AF407E6D1993BFA700F61872 /* Debug */ = {
			isa = XCBuildConfiguration;
			buildSettings = {
				BUNDLE_LOADER = "$(BUILT_PRODUCTS_DIR)/InstagramSimpleOAuth.app/InstagramSimpleOAuth";
				FRAMEWORK_SEARCH_PATHS = (
					"$(SDKROOT)/Developer/Library/Frameworks",
					"$(inherited)",
					"$(DEVELOPER_FRAMEWORKS_DIR)",
				);
				GCC_PRECOMPILE_PREFIX_HEADER = YES;
				GCC_PREFIX_HEADER = "InstagramSimpleOAuth/InstagramSimpleOAuth-Prefix.pch";
				GCC_PREPROCESSOR_DEFINITIONS = (
					"DEBUG=1",
					"$(inherited)",
				);
				INFOPLIST_FILE = "InstagramSimpleOAuthTests/InstagramSimpleOAuthTests-Info.plist";
				PRODUCT_NAME = "$(TARGET_NAME)";
				TEST_HOST = "$(BUNDLE_LOADER)";
				WRAPPER_EXTENSION = xctest;
			};
			name = Debug;
		};
		AF407E6E1993BFA700F61872 /* Release */ = {
			isa = XCBuildConfiguration;
			buildSettings = {
				BUNDLE_LOADER = "$(BUILT_PRODUCTS_DIR)/InstagramSimpleOAuth.app/InstagramSimpleOAuth";
				FRAMEWORK_SEARCH_PATHS = (
					"$(SDKROOT)/Developer/Library/Frameworks",
					"$(inherited)",
					"$(DEVELOPER_FRAMEWORKS_DIR)",
				);
				GCC_PRECOMPILE_PREFIX_HEADER = YES;
				GCC_PREFIX_HEADER = "InstagramSimpleOAuth/InstagramSimpleOAuth-Prefix.pch";
				INFOPLIST_FILE = "InstagramSimpleOAuthTests/InstagramSimpleOAuthTests-Info.plist";
				PRODUCT_NAME = "$(TARGET_NAME)";
				TEST_HOST = "$(BUNDLE_LOADER)";
				WRAPPER_EXTENSION = xctest;
			};
			name = Release;
		};
/* End XCBuildConfiguration section */

/* Begin XCConfigurationList section */
		AF407E2F1993BFA700F61872 /* Build configuration list for PBXProject "InstagramSimpleOAuth" */ = {
			isa = XCConfigurationList;
			buildConfigurations = (
				AF407E671993BFA700F61872 /* Debug */,
				AF407E681993BFA700F61872 /* Release */,
			);
			defaultConfigurationIsVisible = 0;
			defaultConfigurationName = Release;
		};
		AF407E691993BFA700F61872 /* Build configuration list for PBXNativeTarget "InstagramSimpleOAuth" */ = {
			isa = XCConfigurationList;
			buildConfigurations = (
				AF407E6A1993BFA700F61872 /* Debug */,
				AF407E6B1993BFA700F61872 /* Release */,
			);
			defaultConfigurationIsVisible = 0;
		};
		AF407E6C1993BFA700F61872 /* Build configuration list for PBXNativeTarget "InstagramSimpleOAuthTests" */ = {
			isa = XCConfigurationList;
			buildConfigurations = (
				AF407E6D1993BFA700F61872 /* Debug */,
				AF407E6E1993BFA700F61872 /* Release */,
			);
			defaultConfigurationIsVisible = 0;
		};
/* End XCConfigurationList section */
	};
	rootObject = AF407E2C1993BFA700F61872 /* Project object */;
}
