// !$*UTF8*$!
{
	archiveVersion = 1;
	classes = {
	};
	objectVersion = 46;
	objects = {

/* Begin PBXBuildFile section */
		9462754A1EA4763A005D4231 /* AFNetworking.framework in Frameworks */ = {isa = PBXBuildFile; fileRef = 946275491EA4763A005D4231 /* AFNetworking.framework */; };
		9462754B1EA476D9005D4231 /* InstagramSimpleOAuth.framework in Frameworks */ = {isa = PBXBuildFile; fileRef = 948B9CAD1EA3EFD500E9684E /* InstagramSimpleOAuth.framework */; };
		9462754C1EA476D9005D4231 /* InstagramSimpleOAuth.framework in Embed Frameworks */ = {isa = PBXBuildFile; fileRef = 948B9CAD1EA3EFD500E9684E /* InstagramSimpleOAuth.framework */; settings = {ATTRIBUTES = (CodeSignOnCopy, RemoveHeadersOnCopy, ); }; };
		946275571EA4781E005D4231 /* InstagramSimpleOAuth.framework in Frameworks */ = {isa = PBXBuildFile; fileRef = 948B9CAD1EA3EFD500E9684E /* InstagramSimpleOAuth.framework */; };
		948B9C7F1EA3ED1C00E9684E /* main.m in Sources */ = {isa = PBXBuildFile; fileRef = 948B9C7E1EA3ED1C00E9684E /* main.m */; };
		948B9C821EA3ED1C00E9684E /* AppDelegate.m in Sources */ = {isa = PBXBuildFile; fileRef = 948B9C811EA3ED1C00E9684E /* AppDelegate.m */; };
		948B9C881EA3ED1C00E9684E /* Main.storyboard in Resources */ = {isa = PBXBuildFile; fileRef = 948B9C861EA3ED1C00E9684E /* Main.storyboard */; };
		948B9C8A1EA3ED1C00E9684E /* Assets.xcassets in Resources */ = {isa = PBXBuildFile; fileRef = 948B9C891EA3ED1C00E9684E /* Assets.xcassets */; };
		948B9C8D1EA3ED1C00E9684E /* LaunchScreen.storyboard in Resources */ = {isa = PBXBuildFile; fileRef = 948B9C8B1EA3ED1C00E9684E /* LaunchScreen.storyboard */; };
		948B9CB91EA3EFF700E9684E /* MBProgressHUD.framework in Frameworks */ = {isa = PBXBuildFile; fileRef = 948B9C731EA3EB4400E9684E /* MBProgressHUD.framework */; };
		948B9CBA1EA3EFF700E9684E /* SimpleOAuth2.framework in Frameworks */ = {isa = PBXBuildFile; fileRef = 94BE1D791E9F0A2A0096916B /* SimpleOAuth2.framework */; };
		948B9CCB1EA3F09600E9684E /* InstagramAuthenticationManager.h in Headers */ = {isa = PBXBuildFile; fileRef = 948B9CBD1EA3F09600E9684E /* InstagramAuthenticationManager.h */; };
		948B9CCC1EA3F09600E9684E /* InstagramAuthenticationManager.m in Sources */ = {isa = PBXBuildFile; fileRef = 948B9CBE1EA3F09600E9684E /* InstagramAuthenticationManager.m */; };
		948B9CCD1EA3F09600E9684E /* InstagramConstants.h in Headers */ = {isa = PBXBuildFile; fileRef = 948B9CBF1EA3F09600E9684E /* InstagramConstants.h */; };
		948B9CCE1EA3F09600E9684E /* InstagramConstants.m in Sources */ = {isa = PBXBuildFile; fileRef = 948B9CC01EA3F09600E9684E /* InstagramConstants.m */; };
		948B9CCF1EA3F09600E9684E /* InstagramLoginResponse.h in Headers */ = {isa = PBXBuildFile; fileRef = 948B9CC11EA3F09600E9684E /* InstagramLoginResponse.h */; settings = {ATTRIBUTES = (Public, ); }; };
		948B9CD01EA3F09600E9684E /* InstagramLoginResponse.m in Sources */ = {isa = PBXBuildFile; fileRef = 948B9CC21EA3F09600E9684E /* InstagramLoginResponse.m */; };
		948B9CD11EA3F09600E9684E /* InstagramSimpleOAuth.h in Headers */ = {isa = PBXBuildFile; fileRef = 948B9CC31EA3F09600E9684E /* InstagramSimpleOAuth.h */; settings = {ATTRIBUTES = (Public, ); }; };
		948B9CD21EA3F09600E9684E /* InstagramSimpleOAuthViewController.h in Headers */ = {isa = PBXBuildFile; fileRef = 948B9CC41EA3F09600E9684E /* InstagramSimpleOAuthViewController.h */; settings = {ATTRIBUTES = (Public, ); }; };
		948B9CD31EA3F09600E9684E /* InstagramSimpleOAuthViewController.m in Sources */ = {isa = PBXBuildFile; fileRef = 948B9CC51EA3F09600E9684E /* InstagramSimpleOAuthViewController.m */; };
		948B9CD41EA3F09600E9684E /* InstagramSimpleOAuthViewController.xib in Resources */ = {isa = PBXBuildFile; fileRef = 948B9CC61EA3F09600E9684E /* InstagramSimpleOAuthViewController.xib */; };
		948B9CD51EA3F09600E9684E /* InstagramTokenParameters.h in Headers */ = {isa = PBXBuildFile; fileRef = 948B9CC71EA3F09600E9684E /* InstagramTokenParameters.h */; };
		948B9CD61EA3F09600E9684E /* InstagramTokenParameters.m in Sources */ = {isa = PBXBuildFile; fileRef = 948B9CC81EA3F09600E9684E /* InstagramTokenParameters.m */; };
		948B9CD71EA3F09600E9684E /* InstagramUser.h in Headers */ = {isa = PBXBuildFile; fileRef = 948B9CC91EA3F09600E9684E /* InstagramUser.h */; settings = {ATTRIBUTES = (Public, ); }; };
		948B9CD81EA3F09600E9684E /* InstagramUser.m in Sources */ = {isa = PBXBuildFile; fileRef = 948B9CCA1EA3F09600E9684E /* InstagramUser.m */; };
		948B9CDB1EA40D7F00E9684E /* InitialViewController.m in Sources */ = {isa = PBXBuildFile; fileRef = 948B9CDA1EA40D7F00E9684E /* InitialViewController.m */; };
		948B9CDE1EA40DA500E9684E /* JustAViewController.m in Sources */ = {isa = PBXBuildFile; fileRef = 948B9CDD1EA40DA500E9684E /* JustAViewController.m */; };
		9490532A1EA71C2B00AFD976 /* InstagramSimpleOAuthViewControllerSpecs.m in Sources */ = {isa = PBXBuildFile; fileRef = 949053281EA71C2B00AFD976 /* InstagramSimpleOAuthViewControllerSpecs.m */; };
		9490532B1EA71C2B00AFD976 /* InstagramSimpleOAuthViewControllerXibSpecs.m in Sources */ = {isa = PBXBuildFile; fileRef = 949053291EA71C2B00AFD976 /* InstagramSimpleOAuthViewControllerXibSpecs.m */; };
		94C64C0C1EA5A9FC00C721B1 /* AFNetworking.framework in Frameworks */ = {isa = PBXBuildFile; fileRef = 946275491EA4763A005D4231 /* AFNetworking.framework */; };
		94C64C0D1EA5A9FC00C721B1 /* AFNetworking.framework in Embed Frameworks */ = {isa = PBXBuildFile; fileRef = 946275491EA4763A005D4231 /* AFNetworking.framework */; settings = {ATTRIBUTES = (CodeSignOnCopy, RemoveHeadersOnCopy, ); }; };
		94C64C0E1EA5A9FC00C721B1 /* SimpleOAuth2.framework in Frameworks */ = {isa = PBXBuildFile; fileRef = 94BE1D791E9F0A2A0096916B /* SimpleOAuth2.framework */; };
		94C64C0F1EA5A9FC00C721B1 /* SimpleOAuth2.framework in Embed Frameworks */ = {isa = PBXBuildFile; fileRef = 94BE1D791E9F0A2A0096916B /* SimpleOAuth2.framework */; settings = {ATTRIBUTES = (CodeSignOnCopy, RemoveHeadersOnCopy, ); }; };
		94C64C101EA5A9FC00C721B1 /* MBProgressHUD.framework in Frameworks */ = {isa = PBXBuildFile; fileRef = 948B9C731EA3EB4400E9684E /* MBProgressHUD.framework */; };
		94C64C111EA5A9FC00C721B1 /* MBProgressHUD.framework in Embed Frameworks */ = {isa = PBXBuildFile; fileRef = 948B9C731EA3EB4400E9684E /* MBProgressHUD.framework */; settings = {ATTRIBUTES = (CodeSignOnCopy, RemoveHeadersOnCopy, ); }; };
		94C64C151EA70E6600C721B1 /* FakeInstagramAuthenticationManager.m in Sources */ = {isa = PBXBuildFile; fileRef = 94C64C141EA70E6600C721B1 /* FakeInstagramAuthenticationManager.m */; };
		94C64C171EA70F1B00C721B1 /* InstagramLoginResponseSpecs.m in Sources */ = {isa = PBXBuildFile; fileRef = 94C64C161EA70F1B00C721B1 /* InstagramLoginResponseSpecs.m */; };
		94C64C1A1EA70F4100C721B1 /* FakeInstagramOAuthResponse.m in Sources */ = {isa = PBXBuildFile; fileRef = 94C64C191EA70F4100C721B1 /* FakeInstagramOAuthResponse.m */; };
		94C64C1C1EA7178E00C721B1 /* AFNetworking.framework in Carthage Copy Files */ = {isa = PBXBuildFile; fileRef = 946275491EA4763A005D4231 /* AFNetworking.framework */; settings = {ATTRIBUTES = (CodeSignOnCopy, RemoveHeadersOnCopy, ); }; };
		94C64C1D1EA7178E00C721B1 /* SimpleOAuth2.framework in Carthage Copy Files */ = {isa = PBXBuildFile; fileRef = 94BE1D791E9F0A2A0096916B /* SimpleOAuth2.framework */; settings = {ATTRIBUTES = (CodeSignOnCopy, RemoveHeadersOnCopy, ); }; };
		94C64C1E1EA7178E00C721B1 /* MBProgressHUD.framework in Carthage Copy Files */ = {isa = PBXBuildFile; fileRef = 948B9C731EA3EB4400E9684E /* MBProgressHUD.framework */; settings = {ATTRIBUTES = (CodeSignOnCopy, RemoveHeadersOnCopy, ); }; };
		94C64C1F1EA7178E00C721B1 /* libPods-Specs.a in Carthage Copy Files */ = {isa = PBXBuildFile; fileRef = 56234EE7C949C7ECEFAB375C /* libPods-Specs.a */; };
		94C64C201EA717BF00C721B1 /* AFNetworking.framework in Frameworks */ = {isa = PBXBuildFile; fileRef = 946275491EA4763A005D4231 /* AFNetworking.framework */; };
		94C64C211EA717BF00C721B1 /* MBProgressHUD.framework in Frameworks */ = {isa = PBXBuildFile; fileRef = 948B9C731EA3EB4400E9684E /* MBProgressHUD.framework */; };
		94C64C221EA717BF00C721B1 /* SimpleOAuth2.framework in Frameworks */ = {isa = PBXBuildFile; fileRef = 94BE1D791E9F0A2A0096916B /* SimpleOAuth2.framework */; };
		94C64C271EA7189D00C721B1 /* NSLayoutConstraint+TestUtils.m in Sources */ = {isa = PBXBuildFile; fileRef = 94C64C261EA7189D00C721B1 /* NSLayoutConstraint+TestUtils.m */; };
		94C64C2A1EA718D400C721B1 /* InstagramTokenParametersSpecs.m in Sources */ = {isa = PBXBuildFile; fileRef = 94C64C281EA718D400C721B1 /* InstagramTokenParametersSpecs.m */; };
		94C64C2B1EA718D400C721B1 /* InstagramUserSpecs.m in Sources */ = {isa = PBXBuildFile; fileRef = 94C64C291EA718D400C721B1 /* InstagramUserSpecs.m */; };
		94C64C2D1EA7193500C721B1 /* InstagramAuthenticationManagerSpecs.m in Sources */ = {isa = PBXBuildFile; fileRef = 94C64C2C1EA7193500C721B1 /* InstagramAuthenticationManagerSpecs.m */; };
		94C64C301EA7199200C721B1 /* FakeSimpleOAuth2AuthenticationManager.m in Sources */ = {isa = PBXBuildFile; fileRef = 94C64C2F1EA7199200C721B1 /* FakeSimpleOAuth2AuthenticationManager.m */; };
		FD2B050F9E5E4DC7E07D5E17 /* libPods-Specs.a in Frameworks */ = {isa = PBXBuildFile; fileRef = 56234EE7C949C7ECEFAB375C /* libPods-Specs.a */; };
/* End PBXBuildFile section */

/* Begin PBXContainerItemProxy section */
		946275581EA4781E005D4231 /* PBXContainerItemProxy */ = {
			isa = PBXContainerItemProxy;
			containerPortal = AF407E2C1993BFA700F61872 /* Project object */;
			proxyType = 1;
			remoteGlobalIDString = 948B9CAC1EA3EFD500E9684E;
			remoteInfo = InstagramSimpleOAuth;
		};
		948B9CB21EA3EFD500E9684E /* PBXContainerItemProxy */ = {
			isa = PBXContainerItemProxy;
			containerPortal = AF407E2C1993BFA700F61872 /* Project object */;
			proxyType = 1;
			remoteGlobalIDString = 948B9CAC1EA3EFD500E9684E;
			remoteInfo = InstagramSimpleOAuth;
		};
/* End PBXContainerItemProxy section */

/* Begin PBXCopyFilesBuildPhase section */
		9462754D1EA476D9005D4231 /* Embed Frameworks */ = {
			isa = PBXCopyFilesBuildPhase;
			buildActionMask = 2147483647;
			dstPath = "";
			dstSubfolderSpec = 10;
			files = (
				94C64C111EA5A9FC00C721B1 /* MBProgressHUD.framework in Embed Frameworks */,
				94C64C0F1EA5A9FC00C721B1 /* SimpleOAuth2.framework in Embed Frameworks */,
				9462754C1EA476D9005D4231 /* InstagramSimpleOAuth.framework in Embed Frameworks */,
				94C64C0D1EA5A9FC00C721B1 /* AFNetworking.framework in Embed Frameworks */,
			);
			name = "Embed Frameworks";
			runOnlyForDeploymentPostprocessing = 0;
		};
		94C64C1B1EA7175200C721B1 /* Carthage Copy Files */ = {
			isa = PBXCopyFilesBuildPhase;
			buildActionMask = 2147483647;
			dstPath = "";
			dstSubfolderSpec = 10;
			files = (
				94C64C1C1EA7178E00C721B1 /* AFNetworking.framework in Carthage Copy Files */,
				94C64C1D1EA7178E00C721B1 /* SimpleOAuth2.framework in Carthage Copy Files */,
				94C64C1E1EA7178E00C721B1 /* MBProgressHUD.framework in Carthage Copy Files */,
				94C64C1F1EA7178E00C721B1 /* libPods-Specs.a in Carthage Copy Files */,
			);
			name = "Carthage Copy Files";
			runOnlyForDeploymentPostprocessing = 0;
		};
/* End PBXCopyFilesBuildPhase section */

/* Begin PBXFileReference section */
		225FFBCCE6A1B98BDF0F7E91 /* Pods-Specs.release.xcconfig */ = {isa = PBXFileReference; includeInIndex = 1; lastKnownFileType = text.xcconfig; name = "Pods-Specs.release.xcconfig"; path = "Pods/Target Support Files/Pods-Specs/Pods-Specs.release.xcconfig"; sourceTree = "<group>"; };
		56234EE7C949C7ECEFAB375C /* libPods-Specs.a */ = {isa = PBXFileReference; explicitFileType = archive.ar; includeInIndex = 0; path = "libPods-Specs.a"; sourceTree = BUILT_PRODUCTS_DIR; };
		62EE0B09A0530725F7C27BD6 /* Pods-InstagramSimpleOAuthTests.release.xcconfig */ = {isa = PBXFileReference; includeInIndex = 1; lastKnownFileType = text.xcconfig; name = "Pods-InstagramSimpleOAuthTests.release.xcconfig"; path = "Pods/Target Support Files/Pods-InstagramSimpleOAuthTests/Pods-InstagramSimpleOAuthTests.release.xcconfig"; sourceTree = "<group>"; };
		789AA6262DA20D237155D96D /* Pods-InstagramSimpleOAuthTests.debug.xcconfig */ = {isa = PBXFileReference; includeInIndex = 1; lastKnownFileType = text.xcconfig; name = "Pods-InstagramSimpleOAuthTests.debug.xcconfig"; path = "Pods/Target Support Files/Pods-InstagramSimpleOAuthTests/Pods-InstagramSimpleOAuthTests.debug.xcconfig"; sourceTree = "<group>"; };
		8266318E95E062396188327E /* Pods-Specs.debug.xcconfig */ = {isa = PBXFileReference; includeInIndex = 1; lastKnownFileType = text.xcconfig; name = "Pods-Specs.debug.xcconfig"; path = "Pods/Target Support Files/Pods-Specs/Pods-Specs.debug.xcconfig"; sourceTree = "<group>"; };
		946275491EA4763A005D4231 /* AFNetworking.framework */ = {isa = PBXFileReference; lastKnownFileType = wrapper.framework; name = AFNetworking.framework; path = Carthage/Build/iOS/AFNetworking.framework; sourceTree = "<group>"; };
		946275521EA4781E005D4231 /* Specs.xctest */ = {isa = PBXFileReference; explicitFileType = wrapper.cfbundle; includeInIndex = 0; path = Specs.xctest; sourceTree = BUILT_PRODUCTS_DIR; };
		946275561EA4781E005D4231 /* Info.plist */ = {isa = PBXFileReference; lastKnownFileType = text.plist.xml; path = Info.plist; sourceTree = "<group>"; };
		948B9C731EA3EB4400E9684E /* MBProgressHUD.framework */ = {isa = PBXFileReference; lastKnownFileType = wrapper.framework; name = MBProgressHUD.framework; path = Carthage/Build/iOS/MBProgressHUD.framework; sourceTree = "<group>"; };
		948B9C7B1EA3ED1C00E9684E /* DemoApp.app */ = {isa = PBXFileReference; explicitFileType = wrapper.application; includeInIndex = 0; path = DemoApp.app; sourceTree = BUILT_PRODUCTS_DIR; };
		948B9C7E1EA3ED1C00E9684E /* main.m */ = {isa = PBXFileReference; lastKnownFileType = sourcecode.c.objc; path = main.m; sourceTree = "<group>"; };
		948B9C801EA3ED1C00E9684E /* AppDelegate.h */ = {isa = PBXFileReference; lastKnownFileType = sourcecode.c.h; path = AppDelegate.h; sourceTree = "<group>"; };
		948B9C811EA3ED1C00E9684E /* AppDelegate.m */ = {isa = PBXFileReference; lastKnownFileType = sourcecode.c.objc; path = AppDelegate.m; sourceTree = "<group>"; };
		948B9C871EA3ED1C00E9684E /* Base */ = {isa = PBXFileReference; lastKnownFileType = file.storyboard; name = Base; path = Base.lproj/Main.storyboard; sourceTree = "<group>"; };
		948B9C891EA3ED1C00E9684E /* Assets.xcassets */ = {isa = PBXFileReference; lastKnownFileType = folder.assetcatalog; path = Assets.xcassets; sourceTree = "<group>"; };
		948B9C8C1EA3ED1C00E9684E /* Base */ = {isa = PBXFileReference; lastKnownFileType = file.storyboard; name = Base; path = Base.lproj/LaunchScreen.storyboard; sourceTree = "<group>"; };
		948B9C8E1EA3ED1C00E9684E /* Info.plist */ = {isa = PBXFileReference; lastKnownFileType = text.plist.xml; path = Info.plist; sourceTree = "<group>"; };
		948B9CAD1EA3EFD500E9684E /* InstagramSimpleOAuth.framework */ = {isa = PBXFileReference; explicitFileType = wrapper.framework; includeInIndex = 0; path = InstagramSimpleOAuth.framework; sourceTree = BUILT_PRODUCTS_DIR; };
		948B9CB01EA3EFD500E9684E /* Info.plist */ = {isa = PBXFileReference; lastKnownFileType = text.plist.xml; path = Info.plist; sourceTree = "<group>"; };
		948B9CBD1EA3F09600E9684E /* InstagramAuthenticationManager.h */ = {isa = PBXFileReference; fileEncoding = 4; lastKnownFileType = sourcecode.c.h; name = InstagramAuthenticationManager.h; path = Source/InstagramAuthenticationManager.h; sourceTree = "<group>"; };
		948B9CBE1EA3F09600E9684E /* InstagramAuthenticationManager.m */ = {isa = PBXFileReference; fileEncoding = 4; lastKnownFileType = sourcecode.c.objc; name = InstagramAuthenticationManager.m; path = Source/InstagramAuthenticationManager.m; sourceTree = "<group>"; };
		948B9CBF1EA3F09600E9684E /* InstagramConstants.h */ = {isa = PBXFileReference; fileEncoding = 4; lastKnownFileType = sourcecode.c.h; name = InstagramConstants.h; path = Source/InstagramConstants.h; sourceTree = "<group>"; };
		948B9CC01EA3F09600E9684E /* InstagramConstants.m */ = {isa = PBXFileReference; fileEncoding = 4; lastKnownFileType = sourcecode.c.objc; name = InstagramConstants.m; path = Source/InstagramConstants.m; sourceTree = "<group>"; };
		948B9CC11EA3F09600E9684E /* InstagramLoginResponse.h */ = {isa = PBXFileReference; fileEncoding = 4; lastKnownFileType = sourcecode.c.h; name = InstagramLoginResponse.h; path = Source/InstagramLoginResponse.h; sourceTree = "<group>"; };
		948B9CC21EA3F09600E9684E /* InstagramLoginResponse.m */ = {isa = PBXFileReference; fileEncoding = 4; lastKnownFileType = sourcecode.c.objc; name = InstagramLoginResponse.m; path = Source/InstagramLoginResponse.m; sourceTree = "<group>"; };
		948B9CC31EA3F09600E9684E /* InstagramSimpleOAuth.h */ = {isa = PBXFileReference; fileEncoding = 4; lastKnownFileType = sourcecode.c.h; name = InstagramSimpleOAuth.h; path = Source/InstagramSimpleOAuth.h; sourceTree = "<group>"; };
		948B9CC41EA3F09600E9684E /* InstagramSimpleOAuthViewController.h */ = {isa = PBXFileReference; fileEncoding = 4; lastKnownFileType = sourcecode.c.h; name = InstagramSimpleOAuthViewController.h; path = Source/InstagramSimpleOAuthViewController.h; sourceTree = "<group>"; };
		948B9CC51EA3F09600E9684E /* InstagramSimpleOAuthViewController.m */ = {isa = PBXFileReference; fileEncoding = 4; lastKnownFileType = sourcecode.c.objc; name = InstagramSimpleOAuthViewController.m; path = Source/InstagramSimpleOAuthViewController.m; sourceTree = "<group>"; };
		948B9CC61EA3F09600E9684E /* InstagramSimpleOAuthViewController.xib */ = {isa = PBXFileReference; fileEncoding = 4; lastKnownFileType = file.xib; name = InstagramSimpleOAuthViewController.xib; path = Source/InstagramSimpleOAuthViewController.xib; sourceTree = "<group>"; };
		948B9CC71EA3F09600E9684E /* InstagramTokenParameters.h */ = {isa = PBXFileReference; fileEncoding = 4; lastKnownFileType = sourcecode.c.h; name = InstagramTokenParameters.h; path = Source/InstagramTokenParameters.h; sourceTree = "<group>"; };
		948B9CC81EA3F09600E9684E /* InstagramTokenParameters.m */ = {isa = PBXFileReference; fileEncoding = 4; lastKnownFileType = sourcecode.c.objc; name = InstagramTokenParameters.m; path = Source/InstagramTokenParameters.m; sourceTree = "<group>"; };
		948B9CC91EA3F09600E9684E /* InstagramUser.h */ = {isa = PBXFileReference; fileEncoding = 4; lastKnownFileType = sourcecode.c.h; name = InstagramUser.h; path = Source/InstagramUser.h; sourceTree = "<group>"; };
		948B9CCA1EA3F09600E9684E /* InstagramUser.m */ = {isa = PBXFileReference; fileEncoding = 4; lastKnownFileType = sourcecode.c.objc; name = InstagramUser.m; path = Source/InstagramUser.m; sourceTree = "<group>"; };
		948B9CD91EA40D7F00E9684E /* InitialViewController.h */ = {isa = PBXFileReference; fileEncoding = 4; lastKnownFileType = sourcecode.c.h; path = InitialViewController.h; sourceTree = "<group>"; };
		948B9CDA1EA40D7F00E9684E /* InitialViewController.m */ = {isa = PBXFileReference; fileEncoding = 4; lastKnownFileType = sourcecode.c.objc; path = InitialViewController.m; sourceTree = "<group>"; };
		948B9CDC1EA40DA500E9684E /* JustAViewController.h */ = {isa = PBXFileReference; fileEncoding = 4; lastKnownFileType = sourcecode.c.h; path = JustAViewController.h; sourceTree = "<group>"; };
		948B9CDD1EA40DA500E9684E /* JustAViewController.m */ = {isa = PBXFileReference; fileEncoding = 4; lastKnownFileType = sourcecode.c.objc; path = JustAViewController.m; sourceTree = "<group>"; };
		949053281EA71C2B00AFD976 /* InstagramSimpleOAuthViewControllerSpecs.m */ = {isa = PBXFileReference; fileEncoding = 4; lastKnownFileType = sourcecode.c.objc; name = InstagramSimpleOAuthViewControllerSpecs.m; path = Specs/InstagramSimpleOAuthViewControllerSpecs.m; sourceTree = "<group>"; };
		949053291EA71C2B00AFD976 /* InstagramSimpleOAuthViewControllerXibSpecs.m */ = {isa = PBXFileReference; fileEncoding = 4; lastKnownFileType = sourcecode.c.objc; name = InstagramSimpleOAuthViewControllerXibSpecs.m; path = Specs/InstagramSimpleOAuthViewControllerXibSpecs.m; sourceTree = "<group>"; };
		94BE1D791E9F0A2A0096916B /* SimpleOAuth2.framework */ = {isa = PBXFileReference; lastKnownFileType = wrapper.framework; name = SimpleOAuth2.framework; path = Carthage/Build/iOS/SimpleOAuth2.framework; sourceTree = "<group>"; };
		94C64C131EA70E6600C721B1 /* FakeInstagramAuthenticationManager.h */ = {isa = PBXFileReference; fileEncoding = 4; lastKnownFileType = sourcecode.c.h; path = FakeInstagramAuthenticationManager.h; sourceTree = "<group>"; };
		94C64C141EA70E6600C721B1 /* FakeInstagramAuthenticationManager.m */ = {isa = PBXFileReference; fileEncoding = 4; lastKnownFileType = sourcecode.c.objc; path = FakeInstagramAuthenticationManager.m; sourceTree = "<group>"; };
		94C64C161EA70F1B00C721B1 /* InstagramLoginResponseSpecs.m */ = {isa = PBXFileReference; fileEncoding = 4; lastKnownFileType = sourcecode.c.objc; name = InstagramLoginResponseSpecs.m; path = Specs/InstagramLoginResponseSpecs.m; sourceTree = "<group>"; };
		94C64C181EA70F4100C721B1 /* FakeInstagramOAuthResponse.h */ = {isa = PBXFileReference; fileEncoding = 4; lastKnownFileType = sourcecode.c.h; path = FakeInstagramOAuthResponse.h; sourceTree = "<group>"; };
		94C64C191EA70F4100C721B1 /* FakeInstagramOAuthResponse.m */ = {isa = PBXFileReference; fileEncoding = 4; lastKnownFileType = sourcecode.c.objc; path = FakeInstagramOAuthResponse.m; sourceTree = "<group>"; };
		94C64C251EA7189D00C721B1 /* NSLayoutConstraint+TestUtils.h */ = {isa = PBXFileReference; fileEncoding = 4; lastKnownFileType = sourcecode.c.h; path = "NSLayoutConstraint+TestUtils.h"; sourceTree = "<group>"; };
		94C64C261EA7189D00C721B1 /* NSLayoutConstraint+TestUtils.m */ = {isa = PBXFileReference; fileEncoding = 4; lastKnownFileType = sourcecode.c.objc; path = "NSLayoutConstraint+TestUtils.m"; sourceTree = "<group>"; };
		94C64C281EA718D400C721B1 /* InstagramTokenParametersSpecs.m */ = {isa = PBXFileReference; fileEncoding = 4; lastKnownFileType = sourcecode.c.objc; name = InstagramTokenParametersSpecs.m; path = Specs/InstagramTokenParametersSpecs.m; sourceTree = "<group>"; };
		94C64C291EA718D400C721B1 /* InstagramUserSpecs.m */ = {isa = PBXFileReference; fileEncoding = 4; lastKnownFileType = sourcecode.c.objc; name = InstagramUserSpecs.m; path = Specs/InstagramUserSpecs.m; sourceTree = "<group>"; };
		94C64C2C1EA7193500C721B1 /* InstagramAuthenticationManagerSpecs.m */ = {isa = PBXFileReference; fileEncoding = 4; lastKnownFileType = sourcecode.c.objc; name = InstagramAuthenticationManagerSpecs.m; path = Specs/InstagramAuthenticationManagerSpecs.m; sourceTree = "<group>"; };
		94C64C2E1EA7199200C721B1 /* FakeSimpleOAuth2AuthenticationManager.h */ = {isa = PBXFileReference; fileEncoding = 4; lastKnownFileType = sourcecode.c.h; path = FakeSimpleOAuth2AuthenticationManager.h; sourceTree = "<group>"; };
		94C64C2F1EA7199200C721B1 /* FakeSimpleOAuth2AuthenticationManager.m */ = {isa = PBXFileReference; fileEncoding = 4; lastKnownFileType = sourcecode.c.objc; path = FakeSimpleOAuth2AuthenticationManager.m; sourceTree = "<group>"; };
/* End PBXFileReference section */

/* Begin PBXFrameworksBuildPhase section */
		9462754F1EA4781E005D4231 /* Frameworks */ = {
			isa = PBXFrameworksBuildPhase;
			buildActionMask = 2147483647;
			files = (
				94C64C201EA717BF00C721B1 /* AFNetworking.framework in Frameworks */,
				94C64C211EA717BF00C721B1 /* MBProgressHUD.framework in Frameworks */,
				94C64C221EA717BF00C721B1 /* SimpleOAuth2.framework in Frameworks */,
				946275571EA4781E005D4231 /* InstagramSimpleOAuth.framework in Frameworks */,
				FD2B050F9E5E4DC7E07D5E17 /* libPods-Specs.a in Frameworks */,
			);
			runOnlyForDeploymentPostprocessing = 0;
		};
		948B9C781EA3ED1C00E9684E /* Frameworks */ = {
			isa = PBXFrameworksBuildPhase;
			buildActionMask = 2147483647;
			files = (
				94C64C101EA5A9FC00C721B1 /* MBProgressHUD.framework in Frameworks */,
				94C64C0E1EA5A9FC00C721B1 /* SimpleOAuth2.framework in Frameworks */,
				9462754B1EA476D9005D4231 /* InstagramSimpleOAuth.framework in Frameworks */,
				94C64C0C1EA5A9FC00C721B1 /* AFNetworking.framework in Frameworks */,
			);
			runOnlyForDeploymentPostprocessing = 0;
		};
		948B9CA91EA3EFD500E9684E /* Frameworks */ = {
			isa = PBXFrameworksBuildPhase;
			buildActionMask = 2147483647;
			files = (
				948B9CBA1EA3EFF700E9684E /* SimpleOAuth2.framework in Frameworks */,
				9462754A1EA4763A005D4231 /* AFNetworking.framework in Frameworks */,
				948B9CB91EA3EFF700E9684E /* MBProgressHUD.framework in Frameworks */,
			);
			runOnlyForDeploymentPostprocessing = 0;
		};
/* End PBXFrameworksBuildPhase section */

/* Begin PBXGroup section */
		538BB2A371EB992324B76A5E /* Pods */ = {
			isa = PBXGroup;
			children = (
				789AA6262DA20D237155D96D /* Pods-InstagramSimpleOAuthTests.debug.xcconfig */,
				62EE0B09A0530725F7C27BD6 /* Pods-InstagramSimpleOAuthTests.release.xcconfig */,
				8266318E95E062396188327E /* Pods-Specs.debug.xcconfig */,
				225FFBCCE6A1B98BDF0F7E91 /* Pods-Specs.release.xcconfig */,
			);
			name = Pods;
			sourceTree = "<group>";
		};
		946275531EA4781E005D4231 /* Specs */ = {
			isa = PBXGroup;
			children = (
				94C64C121EA70E5900C721B1 /* Fakes */,
				94C64C231EA7187E00C721B1 /* Utils */,
			);
			path = Specs;
			sourceTree = "<group>";
		};
		948B9C7C1EA3ED1C00E9684E /* DemoApp */ = {
			isa = PBXGroup;
			children = (
				948B9C921EA3EDCE00E9684E /* AppCode */,
				948B9C931EA3EDE400E9684E /* Resources */,
				948B9C7D1EA3ED1C00E9684E /* Supporting Files */,
			);
			path = DemoApp;
			sourceTree = "<group>";
		};
		948B9C7D1EA3ED1C00E9684E /* Supporting Files */ = {
			isa = PBXGroup;
			children = (
				948B9C8E1EA3ED1C00E9684E /* Info.plist */,
				948B9C7E1EA3ED1C00E9684E /* main.m */,
			);
			name = "Supporting Files";
			sourceTree = "<group>";
		};
		948B9C921EA3EDCE00E9684E /* AppCode */ = {
			isa = PBXGroup;
			children = (
				948B9C801EA3ED1C00E9684E /* AppDelegate.h */,
				948B9C811EA3ED1C00E9684E /* AppDelegate.m */,
				948B9CD91EA40D7F00E9684E /* InitialViewController.h */,
				948B9CDA1EA40D7F00E9684E /* InitialViewController.m */,
				948B9CDC1EA40DA500E9684E /* JustAViewController.h */,
				948B9CDD1EA40DA500E9684E /* JustAViewController.m */,
				948B9C861EA3ED1C00E9684E /* Main.storyboard */,
			);
			name = AppCode;
			sourceTree = "<group>";
		};
		948B9C931EA3EDE400E9684E /* Resources */ = {
			isa = PBXGroup;
			children = (
				948B9C8B1EA3ED1C00E9684E /* LaunchScreen.storyboard */,
				948B9C891EA3ED1C00E9684E /* Assets.xcassets */,
			);
			name = Resources;
			sourceTree = "<group>";
		};
		948B9CAE1EA3EFD500E9684E /* InstagramSimpleOAuth */ = {
			isa = PBXGroup;
			children = (
				948B9CBB1EA3F06400E9684E /* Source */,
				948B9CBC1EA3F06B00E9684E /* Supporting Files */,
			);
			path = InstagramSimpleOAuth;
			sourceTree = "<group>";
		};
		948B9CBB1EA3F06400E9684E /* Source */ = {
			isa = PBXGroup;
			children = (
				948B9CC31EA3F09600E9684E /* InstagramSimpleOAuth.h */,
				948B9CBD1EA3F09600E9684E /* InstagramAuthenticationManager.h */,
				948B9CBE1EA3F09600E9684E /* InstagramAuthenticationManager.m */,
				948B9CBF1EA3F09600E9684E /* InstagramConstants.h */,
				948B9CC01EA3F09600E9684E /* InstagramConstants.m */,
				948B9CC11EA3F09600E9684E /* InstagramLoginResponse.h */,
				948B9CC21EA3F09600E9684E /* InstagramLoginResponse.m */,
				948B9CC41EA3F09600E9684E /* InstagramSimpleOAuthViewController.h */,
				948B9CC51EA3F09600E9684E /* InstagramSimpleOAuthViewController.m */,
				948B9CC61EA3F09600E9684E /* InstagramSimpleOAuthViewController.xib */,
				948B9CC71EA3F09600E9684E /* InstagramTokenParameters.h */,
				948B9CC81EA3F09600E9684E /* InstagramTokenParameters.m */,
				948B9CC91EA3F09600E9684E /* InstagramUser.h */,
				948B9CCA1EA3F09600E9684E /* InstagramUser.m */,
			);
			name = Source;
			sourceTree = "<group>";
		};
		948B9CBC1EA3F06B00E9684E /* Supporting Files */ = {
			isa = PBXGroup;
			children = (
				948B9CB01EA3EFD500E9684E /* Info.plist */,
			);
			name = "Supporting Files";
			sourceTree = "<group>";
		};
		94C64C121EA70E5900C721B1 /* Fakes */ = {
			isa = PBXGroup;
			children = (
				94C64C131EA70E6600C721B1 /* FakeInstagramAuthenticationManager.h */,
				94C64C141EA70E6600C721B1 /* FakeInstagramAuthenticationManager.m */,
				94C64C181EA70F4100C721B1 /* FakeInstagramOAuthResponse.h */,
				94C64C191EA70F4100C721B1 /* FakeInstagramOAuthResponse.m */,
				94C64C2E1EA7199200C721B1 /* FakeSimpleOAuth2AuthenticationManager.h */,
				94C64C2F1EA7199200C721B1 /* FakeSimpleOAuth2AuthenticationManager.m */,
			);
			name = Fakes;
			sourceTree = "<group>";
		};
		94C64C231EA7187E00C721B1 /* Utils */ = {
			isa = PBXGroup;
			children = (
				94C64C251EA7189D00C721B1 /* NSLayoutConstraint+TestUtils.h */,
				94C64C261EA7189D00C721B1 /* NSLayoutConstraint+TestUtils.m */,
			);
			name = Utils;
			sourceTree = "<group>";
		};
		94C64C241EA7188900C721B1 /* Supporting Files */ = {
			isa = PBXGroup;
			children = (
				946275561EA4781E005D4231 /* Info.plist */,
			);
			name = "Supporting Files";
			path = Specs;
			sourceTree = "<group>";
		};
		AF407E2B1993BFA700F61872 = {
			isa = PBXGroup;
			children = (
				948B9C7C1EA3ED1C00E9684E /* DemoApp */,
				948B9CAE1EA3EFD500E9684E /* InstagramSimpleOAuth */,
				946275531EA4781E005D4231 /* Specs */,
				949053281EA71C2B00AFD976 /* InstagramSimpleOAuthViewControllerSpecs.m */,
				949053291EA71C2B00AFD976 /* InstagramSimpleOAuthViewControllerXibSpecs.m */,
				94C64C2C1EA7193500C721B1 /* InstagramAuthenticationManagerSpecs.m */,
				94C64C161EA70F1B00C721B1 /* InstagramLoginResponseSpecs.m */,
				94C64C281EA718D400C721B1 /* InstagramTokenParametersSpecs.m */,
				94C64C291EA718D400C721B1 /* InstagramUserSpecs.m */,
				94C64C241EA7188900C721B1 /* Supporting Files */,
				AF407E361993BFA700F61872 /* Frameworks */,
				AF407E351993BFA700F61872 /* Products */,
				538BB2A371EB992324B76A5E /* Pods */,
			);
			sourceTree = "<group>";
		};
		AF407E351993BFA700F61872 /* Products */ = {
			isa = PBXGroup;
			children = (
				948B9C7B1EA3ED1C00E9684E /* DemoApp.app */,
				948B9CAD1EA3EFD500E9684E /* InstagramSimpleOAuth.framework */,
				946275521EA4781E005D4231 /* Specs.xctest */,
			);
			name = Products;
			sourceTree = "<group>";
		};
		AF407E361993BFA700F61872 /* Frameworks */ = {
			isa = PBXGroup;
			children = (
				946275491EA4763A005D4231 /* AFNetworking.framework */,
				94BE1D791E9F0A2A0096916B /* SimpleOAuth2.framework */,
				948B9C731EA3EB4400E9684E /* MBProgressHUD.framework */,
				56234EE7C949C7ECEFAB375C /* libPods-Specs.a */,
			);
			name = Frameworks;
			sourceTree = "<group>";
		};
/* End PBXGroup section */

/* Begin PBXHeadersBuildPhase section */
		948B9CAA1EA3EFD500E9684E /* Headers */ = {
			isa = PBXHeadersBuildPhase;
			buildActionMask = 2147483647;
			files = (
				948B9CD11EA3F09600E9684E /* InstagramSimpleOAuth.h in Headers */,
				948B9CD21EA3F09600E9684E /* InstagramSimpleOAuthViewController.h in Headers */,
				948B9CCF1EA3F09600E9684E /* InstagramLoginResponse.h in Headers */,
				948B9CD71EA3F09600E9684E /* InstagramUser.h in Headers */,
				948B9CCB1EA3F09600E9684E /* InstagramAuthenticationManager.h in Headers */,
				948B9CCD1EA3F09600E9684E /* InstagramConstants.h in Headers */,
				948B9CD51EA3F09600E9684E /* InstagramTokenParameters.h in Headers */,
			);
			runOnlyForDeploymentPostprocessing = 0;
		};
/* End PBXHeadersBuildPhase section */

/* Begin PBXNativeTarget section */
		946275511EA4781E005D4231 /* Specs */ = {
			isa = PBXNativeTarget;
			buildConfigurationList = 9462755A1EA4781E005D4231 /* Build configuration list for PBXNativeTarget "Specs" */;
			buildPhases = (
				C962B7028D9A70BFA803DD9B /* [CP] Check Pods Manifest.lock */,
				9462754E1EA4781E005D4231 /* Sources */,
				9462754F1EA4781E005D4231 /* Frameworks */,
				946275501EA4781E005D4231 /* Resources */,
				702FFFCEF6E737F4BFB860A0 /* [CP] Embed Pods Frameworks */,
				BB92C3B9D264E47A6C0A5922 /* [CP] Copy Pods Resources */,
				94C64C1B1EA7175200C721B1 /* Carthage Copy Files */,
			);
			buildRules = (
			);
			dependencies = (
				946275591EA4781E005D4231 /* PBXTargetDependency */,
			);
			name = Specs;
			productName = Specs;
			productReference = 946275521EA4781E005D4231 /* Specs.xctest */;
			productType = "com.apple.product-type.bundle.unit-test";
		};
		948B9C7A1EA3ED1C00E9684E /* DemoApp */ = {
			isa = PBXNativeTarget;
			buildConfigurationList = 948B9C8F1EA3ED1C00E9684E /* Build configuration list for PBXNativeTarget "DemoApp" */;
			buildPhases = (
				948B9C771EA3ED1C00E9684E /* Sources */,
				948B9C781EA3ED1C00E9684E /* Frameworks */,
				948B9C791EA3ED1C00E9684E /* Resources */,
				9462754D1EA476D9005D4231 /* Embed Frameworks */,
			);
			buildRules = (
			);
			dependencies = (
				948B9CB31EA3EFD500E9684E /* PBXTargetDependency */,
			);
			name = DemoApp;
			productName = DemoApp;
			productReference = 948B9C7B1EA3ED1C00E9684E /* DemoApp.app */;
			productType = "com.apple.product-type.application";
		};
		948B9CAC1EA3EFD500E9684E /* InstagramSimpleOAuth */ = {
			isa = PBXNativeTarget;
			buildConfigurationList = 948B9CB61EA3EFD500E9684E /* Build configuration list for PBXNativeTarget "InstagramSimpleOAuth" */;
			buildPhases = (
				948B9CA81EA3EFD500E9684E /* Sources */,
				948B9CA91EA3EFD500E9684E /* Frameworks */,
				948B9CAA1EA3EFD500E9684E /* Headers */,
				948B9CAB1EA3EFD500E9684E /* Resources */,
			);
			buildRules = (
			);
			dependencies = (
			);
			name = InstagramSimpleOAuth;
			productName = InstagramSimpleOAuth;
			productReference = 948B9CAD1EA3EFD500E9684E /* InstagramSimpleOAuth.framework */;
			productType = "com.apple.product-type.framework";
		};
/* End PBXNativeTarget section */

/* Begin PBXProject section */
		AF407E2C1993BFA700F61872 /* Project object */ = {
			isa = PBXProject;
			attributes = {
				LastUpgradeCheck = 0830;
				ORGANIZATIONNAME = RKB;
				TargetAttributes = {
					946275511EA4781E005D4231 = {
						CreatedOnToolsVersion = 8.3.1;
						ProvisioningStyle = Manual;
					};
					948B9C7A1EA3ED1C00E9684E = {
						CreatedOnToolsVersion = 8.3.1;
						ProvisioningStyle = Manual;
					};
					948B9CAC1EA3EFD500E9684E = {
						CreatedOnToolsVersion = 8.3.1;
						ProvisioningStyle = Manual;
					};
				};
			};
			buildConfigurationList = AF407E2F1993BFA700F61872 /* Build configuration list for PBXProject "InstagramSimpleOAuth" */;
			compatibilityVersion = "Xcode 3.2";
			developmentRegion = English;
			hasScannedForEncodings = 0;
			knownRegions = (
				en,
				Base,
			);
			mainGroup = AF407E2B1993BFA700F61872;
			productRefGroup = AF407E351993BFA700F61872 /* Products */;
			projectDirPath = "";
			projectRoot = "";
			targets = (
				948B9C7A1EA3ED1C00E9684E /* DemoApp */,
				948B9CAC1EA3EFD500E9684E /* InstagramSimpleOAuth */,
				946275511EA4781E005D4231 /* Specs */,
			);
		};
/* End PBXProject section */

/* Begin PBXResourcesBuildPhase section */
		946275501EA4781E005D4231 /* Resources */ = {
			isa = PBXResourcesBuildPhase;
			buildActionMask = 2147483647;
			files = (
			);
			runOnlyForDeploymentPostprocessing = 0;
		};
		948B9C791EA3ED1C00E9684E /* Resources */ = {
			isa = PBXResourcesBuildPhase;
			buildActionMask = 2147483647;
			files = (
				948B9C8D1EA3ED1C00E9684E /* LaunchScreen.storyboard in Resources */,
				948B9C8A1EA3ED1C00E9684E /* Assets.xcassets in Resources */,
				948B9C881EA3ED1C00E9684E /* Main.storyboard in Resources */,
			);
			runOnlyForDeploymentPostprocessing = 0;
		};
		948B9CAB1EA3EFD500E9684E /* Resources */ = {
			isa = PBXResourcesBuildPhase;
			buildActionMask = 2147483647;
			files = (
				948B9CD41EA3F09600E9684E /* InstagramSimpleOAuthViewController.xib in Resources */,
			);
			runOnlyForDeploymentPostprocessing = 0;
		};
/* End PBXResourcesBuildPhase section */

/* Begin PBXShellScriptBuildPhase section */
		702FFFCEF6E737F4BFB860A0 /* [CP] Embed Pods Frameworks */ = {
			isa = PBXShellScriptBuildPhase;
			buildActionMask = 2147483647;
			files = (
			);
			inputPaths = (
			);
			name = "[CP] Embed Pods Frameworks";
			outputPaths = (
			);
			runOnlyForDeploymentPostprocessing = 0;
			shellPath = /bin/sh;
			shellScript = "\"${SRCROOT}/Pods/Target Support Files/Pods-Specs/Pods-Specs-frameworks.sh\"\n";
			showEnvVarsInLog = 0;
		};
		BB92C3B9D264E47A6C0A5922 /* [CP] Copy Pods Resources */ = {
			isa = PBXShellScriptBuildPhase;
			buildActionMask = 2147483647;
			files = (
			);
			inputPaths = (
			);
			name = "[CP] Copy Pods Resources";
			outputPaths = (
			);
			runOnlyForDeploymentPostprocessing = 0;
			shellPath = /bin/sh;
			shellScript = "\"${SRCROOT}/Pods/Target Support Files/Pods-Specs/Pods-Specs-resources.sh\"\n";
			showEnvVarsInLog = 0;
		};
		C962B7028D9A70BFA803DD9B /* [CP] Check Pods Manifest.lock */ = {
			isa = PBXShellScriptBuildPhase;
			buildActionMask = 2147483647;
			files = (
			);
			inputPaths = (
			);
			name = "[CP] Check Pods Manifest.lock";
			outputPaths = (
			);
			runOnlyForDeploymentPostprocessing = 0;
			shellPath = /bin/sh;
			shellScript = "diff \"${PODS_PODFILE_DIR_PATH}/Podfile.lock\" \"${PODS_ROOT}/Manifest.lock\" > /dev/null\nif [ $? != 0 ] ; then\n    # print error to STDERR\n    echo \"error: The sandbox is not in sync with the Podfile.lock. Run 'pod install' or update your CocoaPods installation.\" >&2\n    exit 1\nfi\n";
			showEnvVarsInLog = 0;
		};
/* End PBXShellScriptBuildPhase section */

/* Begin PBXSourcesBuildPhase section */
		9462754E1EA4781E005D4231 /* Sources */ = {
			isa = PBXSourcesBuildPhase;
			buildActionMask = 2147483647;
			files = (
				94C64C2D1EA7193500C721B1 /* InstagramAuthenticationManagerSpecs.m in Sources */,
				94C64C301EA7199200C721B1 /* FakeSimpleOAuth2AuthenticationManager.m in Sources */,
				94C64C1A1EA70F4100C721B1 /* FakeInstagramOAuthResponse.m in Sources */,
				9490532B1EA71C2B00AFD976 /* InstagramSimpleOAuthViewControllerXibSpecs.m in Sources */,
				9490532A1EA71C2B00AFD976 /* InstagramSimpleOAuthViewControllerSpecs.m in Sources */,
				94C64C271EA7189D00C721B1 /* NSLayoutConstraint+TestUtils.m in Sources */,
				94C64C171EA70F1B00C721B1 /* InstagramLoginResponseSpecs.m in Sources */,
				94C64C2B1EA718D400C721B1 /* InstagramUserSpecs.m in Sources */,
				94C64C2A1EA718D400C721B1 /* InstagramTokenParametersSpecs.m in Sources */,
				94C64C151EA70E6600C721B1 /* FakeInstagramAuthenticationManager.m in Sources */,
			);
			runOnlyForDeploymentPostprocessing = 0;
		};
		948B9C771EA3ED1C00E9684E /* Sources */ = {
			isa = PBXSourcesBuildPhase;
			buildActionMask = 2147483647;
			files = (
				948B9C821EA3ED1C00E9684E /* AppDelegate.m in Sources */,
				948B9CDE1EA40DA500E9684E /* JustAViewController.m in Sources */,
				948B9C7F1EA3ED1C00E9684E /* main.m in Sources */,
				948B9CDB1EA40D7F00E9684E /* InitialViewController.m in Sources */,
			);
			runOnlyForDeploymentPostprocessing = 0;
		};
		948B9CA81EA3EFD500E9684E /* Sources */ = {
			isa = PBXSourcesBuildPhase;
			buildActionMask = 2147483647;
			files = (
				948B9CD01EA3F09600E9684E /* InstagramLoginResponse.m in Sources */,
				948B9CCE1EA3F09600E9684E /* InstagramConstants.m in Sources */,
				948B9CCC1EA3F09600E9684E /* InstagramAuthenticationManager.m in Sources */,
				948B9CD81EA3F09600E9684E /* InstagramUser.m in Sources */,
				948B9CD61EA3F09600E9684E /* InstagramTokenParameters.m in Sources */,
				948B9CD31EA3F09600E9684E /* InstagramSimpleOAuthViewController.m in Sources */,
			);
			runOnlyForDeploymentPostprocessing = 0;
		};
/* End PBXSourcesBuildPhase section */

/* Begin PBXTargetDependency section */
		946275591EA4781E005D4231 /* PBXTargetDependency */ = {
			isa = PBXTargetDependency;
			target = 948B9CAC1EA3EFD500E9684E /* InstagramSimpleOAuth */;
			targetProxy = 946275581EA4781E005D4231 /* PBXContainerItemProxy */;
		};
		948B9CB31EA3EFD500E9684E /* PBXTargetDependency */ = {
			isa = PBXTargetDependency;
			target = 948B9CAC1EA3EFD500E9684E /* InstagramSimpleOAuth */;
			targetProxy = 948B9CB21EA3EFD500E9684E /* PBXContainerItemProxy */;
		};
/* End PBXTargetDependency section */

/* Begin PBXVariantGroup section */
		948B9C861EA3ED1C00E9684E /* Main.storyboard */ = {
			isa = PBXVariantGroup;
			children = (
				948B9C871EA3ED1C00E9684E /* Base */,
			);
			name = Main.storyboard;
			sourceTree = "<group>";
		};
		948B9C8B1EA3ED1C00E9684E /* LaunchScreen.storyboard */ = {
			isa = PBXVariantGroup;
			children = (
				948B9C8C1EA3ED1C00E9684E /* Base */,
			);
			name = LaunchScreen.storyboard;
			sourceTree = "<group>";
		};
/* End PBXVariantGroup section */

/* Begin XCBuildConfiguration section */
		9462755B1EA4781E005D4231 /* Debug */ = {
			isa = XCBuildConfiguration;
			baseConfigurationReference = 8266318E95E062396188327E /* Pods-Specs.debug.xcconfig */;
			buildSettings = {
				CLANG_ANALYZER_NONNULL = YES;
				CLANG_ANALYZER_NUMBER_OBJECT_CONVERSION = YES_AGGRESSIVE;
				CLANG_WARN_DOCUMENTATION_COMMENTS = YES;
				"CODE_SIGN_IDENTITY[sdk=iphoneos*]" = "";
				DEBUG_INFORMATION_FORMAT = dwarf;
				DEVELOPMENT_TEAM = "";
				FRAMEWORK_SEARCH_PATHS = (
					"$(inherited)",
					"$(PROJECT_DIR)/Carthage/Build/iOS",
				);
				INFOPLIST_FILE = Specs/Info.plist;
				IPHONEOS_DEPLOYMENT_TARGET = 10.3;
				LD_RUNPATH_SEARCH_PATHS = "$(inherited) @executable_path/Frameworks @loader_path/Frameworks";
				MTL_ENABLE_DEBUG_INFO = YES;
				PRODUCT_BUNDLE_IDENTIFIER = com.rkb.Specs;
				PRODUCT_NAME = "$(TARGET_NAME)";
				PROVISIONING_PROFILE_SPECIFIER = "";
			};
			name = Debug;
		};
		9462755C1EA4781E005D4231 /* Release */ = {
			isa = XCBuildConfiguration;
			baseConfigurationReference = 225FFBCCE6A1B98BDF0F7E91 /* Pods-Specs.release.xcconfig */;
			buildSettings = {
				CLANG_ANALYZER_NONNULL = YES;
				CLANG_ANALYZER_NUMBER_OBJECT_CONVERSION = YES_AGGRESSIVE;
				CLANG_WARN_DOCUMENTATION_COMMENTS = YES;
				"CODE_SIGN_IDENTITY[sdk=iphoneos*]" = "";
				COPY_PHASE_STRIP = NO;
				DEBUG_INFORMATION_FORMAT = "dwarf-with-dsym";
				DEVELOPMENT_TEAM = "";
				FRAMEWORK_SEARCH_PATHS = (
					"$(inherited)",
					"$(PROJECT_DIR)/Carthage/Build/iOS",
				);
				INFOPLIST_FILE = Specs/Info.plist;
				IPHONEOS_DEPLOYMENT_TARGET = 10.3;
				LD_RUNPATH_SEARCH_PATHS = "$(inherited) @executable_path/Frameworks @loader_path/Frameworks";
				MTL_ENABLE_DEBUG_INFO = NO;
				PRODUCT_BUNDLE_IDENTIFIER = com.rkb.Specs;
				PRODUCT_NAME = "$(TARGET_NAME)";
				PROVISIONING_PROFILE_SPECIFIER = "";
			};
			name = Release;
		};
		948B9C901EA3ED1C00E9684E /* Debug */ = {
			isa = XCBuildConfiguration;
			buildSettings = {
				ASSETCATALOG_COMPILER_APPICON_NAME = AppIcon;
				CLANG_ANALYZER_NONNULL = YES;
				CLANG_ANALYZER_NUMBER_OBJECT_CONVERSION = YES_AGGRESSIVE;
				CLANG_WARN_DOCUMENTATION_COMMENTS = YES;
				DEBUG_INFORMATION_FORMAT = dwarf;
				DEVELOPMENT_TEAM = "";
				DYLIB_INSTALL_NAME_BASE = "";
				FRAMEWORK_SEARCH_PATHS = (
					"$(inherited)",
					"$(PROJECT_DIR)/Carthage/Build/iOS",
				);
				INFOPLIST_FILE = DemoApp/Info.plist;
				IPHONEOS_DEPLOYMENT_TARGET = 8.0;
				LD_RUNPATH_SEARCH_PATHS = "$(inherited) @executable_path/Frameworks";
				MTL_ENABLE_DEBUG_INFO = YES;
				PRODUCT_BUNDLE_IDENTIFIER = com.rkb.DemoApp;
				PRODUCT_NAME = "$(TARGET_NAME)";
				PROVISIONING_PROFILE_SPECIFIER = "";
			};
			name = Debug;
		};
		948B9C911EA3ED1C00E9684E /* Release */ = {
			isa = XCBuildConfiguration;
			buildSettings = {
				ASSETCATALOG_COMPILER_APPICON_NAME = AppIcon;
				CLANG_ANALYZER_NONNULL = YES;
				CLANG_ANALYZER_NUMBER_OBJECT_CONVERSION = YES_AGGRESSIVE;
				CLANG_WARN_DOCUMENTATION_COMMENTS = YES;
				COPY_PHASE_STRIP = NO;
				DEBUG_INFORMATION_FORMAT = "dwarf-with-dsym";
				DEVELOPMENT_TEAM = "";
				DYLIB_INSTALL_NAME_BASE = "";
				FRAMEWORK_SEARCH_PATHS = (
					"$(inherited)",
					"$(PROJECT_DIR)/Carthage/Build/iOS",
				);
				INFOPLIST_FILE = DemoApp/Info.plist;
				IPHONEOS_DEPLOYMENT_TARGET = 8.0;
				LD_RUNPATH_SEARCH_PATHS = "$(inherited) @executable_path/Frameworks";
				MTL_ENABLE_DEBUG_INFO = NO;
				PRODUCT_BUNDLE_IDENTIFIER = com.rkb.DemoApp;
				PRODUCT_NAME = "$(TARGET_NAME)";
				PROVISIONING_PROFILE_SPECIFIER = "";
			};
			name = Release;
		};
		948B9CB71EA3EFD500E9684E /* Debug */ = {
			isa = XCBuildConfiguration;
			buildSettings = {
				CLANG_ANALYZER_NONNULL = YES;
				CLANG_ANALYZER_NUMBER_OBJECT_CONVERSION = YES_AGGRESSIVE;
				CLANG_WARN_DOCUMENTATION_COMMENTS = YES;
				CODE_SIGN_IDENTITY = "";
				CURRENT_PROJECT_VERSION = 1;
				DEBUG_INFORMATION_FORMAT = dwarf;
				DEFINES_MODULE = YES;
				DEVELOPMENT_TEAM = "";
				DYLIB_COMPATIBILITY_VERSION = 1;
				DYLIB_CURRENT_VERSION = 1;
				DYLIB_INSTALL_NAME_BASE = "@rpath";
				FRAMEWORK_SEARCH_PATHS = (
					"$(inherited)",
					"$(PROJECT_DIR)/Carthage/Build/iOS",
				);
				INFOPLIST_FILE = InstagramSimpleOAuth/Info.plist;
				INSTALL_PATH = "$(LOCAL_LIBRARY_DIR)/Frameworks";
				IPHONEOS_DEPLOYMENT_TARGET = 8.0;
				LD_RUNPATH_SEARCH_PATHS = "$(inherited) @executable_path/Frameworks @loader_path/Frameworks";
				MTL_ENABLE_DEBUG_INFO = YES;
				PRODUCT_BUNDLE_IDENTIFIER = com.rkb.instagramsimpleoauth;
				PRODUCT_NAME = "$(TARGET_NAME)";
				PROVISIONING_PROFILE_SPECIFIER = "";
				SKIP_INSTALL = YES;
				VERSIONING_SYSTEM = "apple-generic";
				VERSION_INFO_PREFIX = "";
			};
			name = Debug;
		};
		948B9CB81EA3EFD500E9684E /* Release */ = {
			isa = XCBuildConfiguration;
			buildSettings = {
				CLANG_ANALYZER_NONNULL = YES;
				CLANG_ANALYZER_NUMBER_OBJECT_CONVERSION = YES_AGGRESSIVE;
				CLANG_WARN_DOCUMENTATION_COMMENTS = YES;
				CODE_SIGN_IDENTITY = "";
				COPY_PHASE_STRIP = NO;
				CURRENT_PROJECT_VERSION = 1;
				DEBUG_INFORMATION_FORMAT = "dwarf-with-dsym";
				DEFINES_MODULE = YES;
				DEVELOPMENT_TEAM = "";
				DYLIB_COMPATIBILITY_VERSION = 1;
				DYLIB_CURRENT_VERSION = 1;
				DYLIB_INSTALL_NAME_BASE = "@rpath";
				FRAMEWORK_SEARCH_PATHS = (
					"$(inherited)",
					"$(PROJECT_DIR)/Carthage/Build/iOS",
				);
				INFOPLIST_FILE = InstagramSimpleOAuth/Info.plist;
				INSTALL_PATH = "$(LOCAL_LIBRARY_DIR)/Frameworks";
				IPHONEOS_DEPLOYMENT_TARGET = 8.0;
				LD_RUNPATH_SEARCH_PATHS = "$(inherited) @executable_path/Frameworks @loader_path/Frameworks";
				MTL_ENABLE_DEBUG_INFO = NO;
				PRODUCT_BUNDLE_IDENTIFIER = com.rkb.instagramsimpleoauth;
				PRODUCT_NAME = "$(TARGET_NAME)";
				PROVISIONING_PROFILE_SPECIFIER = "";
				SKIP_INSTALL = YES;
				VERSIONING_SYSTEM = "apple-generic";
				VERSION_INFO_PREFIX = "";
			};
			name = Release;
		};
		AF407E671993BFA700F61872 /* Debug */ = {
			isa = XCBuildConfiguration;
			buildSettings = {
				ALWAYS_SEARCH_USER_PATHS = NO;
				CLANG_CXX_LANGUAGE_STANDARD = "gnu++0x";
				CLANG_CXX_LIBRARY = "libc++";
				CLANG_ENABLE_MODULES = YES;
				CLANG_ENABLE_OBJC_ARC = YES;
				CLANG_WARN_BOOL_CONVERSION = YES;
				CLANG_WARN_CONSTANT_CONVERSION = YES;
				CLANG_WARN_DIRECT_OBJC_ISA_USAGE = YES_ERROR;
				CLANG_WARN_EMPTY_BODY = YES;
				CLANG_WARN_ENUM_CONVERSION = YES;
				CLANG_WARN_INFINITE_RECURSION = YES;
				CLANG_WARN_INT_CONVERSION = YES;
				CLANG_WARN_OBJC_ROOT_CLASS = YES_ERROR;
				CLANG_WARN_SUSPICIOUS_MOVE = YES;
				CLANG_WARN_UNREACHABLE_CODE = YES;
				CLANG_WARN__DUPLICATE_METHOD_MATCH = YES;
				"CODE_SIGN_IDENTITY[sdk=iphoneos*]" = "iPhone Developer";
				COPY_PHASE_STRIP = NO;
				ENABLE_STRICT_OBJC_MSGSEND = YES;
				ENABLE_TESTABILITY = YES;
				GCC_C_LANGUAGE_STANDARD = gnu99;
				GCC_DYNAMIC_NO_PIC = NO;
				GCC_NO_COMMON_BLOCKS = YES;
				GCC_OPTIMIZATION_LEVEL = 0;
				GCC_PREPROCESSOR_DEFINITIONS = (
					"DEBUG=1",
					"$(inherited)",
				);
				GCC_SYMBOLS_PRIVATE_EXTERN = NO;
				GCC_WARN_64_TO_32_BIT_CONVERSION = YES;
				GCC_WARN_ABOUT_RETURN_TYPE = YES_ERROR;
				GCC_WARN_UNDECLARED_SELECTOR = YES;
				GCC_WARN_UNINITIALIZED_AUTOS = YES_AGGRESSIVE;
				GCC_WARN_UNUSED_FUNCTION = YES;
				GCC_WARN_UNUSED_VARIABLE = YES;
				IPHONEOS_DEPLOYMENT_TARGET = 8.0;
				ONLY_ACTIVE_ARCH = YES;
				SDKROOT = iphoneos;
				TARGETED_DEVICE_FAMILY = "1,2";
			};
			name = Debug;
		};
		AF407E681993BFA700F61872 /* Release */ = {
			isa = XCBuildConfiguration;
			buildSettings = {
				ALWAYS_SEARCH_USER_PATHS = NO;
				CLANG_CXX_LANGUAGE_STANDARD = "gnu++0x";
				CLANG_CXX_LIBRARY = "libc++";
				CLANG_ENABLE_MODULES = YES;
				CLANG_ENABLE_OBJC_ARC = YES;
				CLANG_WARN_BOOL_CONVERSION = YES;
				CLANG_WARN_CONSTANT_CONVERSION = YES;
				CLANG_WARN_DIRECT_OBJC_ISA_USAGE = YES_ERROR;
				CLANG_WARN_EMPTY_BODY = YES;
				CLANG_WARN_ENUM_CONVERSION = YES;
				CLANG_WARN_INFINITE_RECURSION = YES;
				CLANG_WARN_INT_CONVERSION = YES;
				CLANG_WARN_OBJC_ROOT_CLASS = YES_ERROR;
				CLANG_WARN_SUSPICIOUS_MOVE = YES;
				CLANG_WARN_UNREACHABLE_CODE = YES;
				CLANG_WARN__DUPLICATE_METHOD_MATCH = YES;
				"CODE_SIGN_IDENTITY[sdk=iphoneos*]" = "iPhone Developer";
				COPY_PHASE_STRIP = YES;
				ENABLE_NS_ASSERTIONS = NO;
				ENABLE_STRICT_OBJC_MSGSEND = YES;
				GCC_C_LANGUAGE_STANDARD = gnu99;
				GCC_NO_COMMON_BLOCKS = YES;
				GCC_WARN_64_TO_32_BIT_CONVERSION = YES;
				GCC_WARN_ABOUT_RETURN_TYPE = YES_ERROR;
				GCC_WARN_UNDECLARED_SELECTOR = YES;
				GCC_WARN_UNINITIALIZED_AUTOS = YES_AGGRESSIVE;
				GCC_WARN_UNUSED_FUNCTION = YES;
				GCC_WARN_UNUSED_VARIABLE = YES;
				IPHONEOS_DEPLOYMENT_TARGET = 8.0;
				SDKROOT = iphoneos;
				TARGETED_DEVICE_FAMILY = "1,2";
				VALIDATE_PRODUCT = YES;
			};
			name = Release;
		};
/* End XCBuildConfiguration section */

/* Begin XCConfigurationList section */
		9462755A1EA4781E005D4231 /* Build configuration list for PBXNativeTarget "Specs" */ = {
			isa = XCConfigurationList;
			buildConfigurations = (
				9462755B1EA4781E005D4231 /* Debug */,
				9462755C1EA4781E005D4231 /* Release */,
			);
			defaultConfigurationIsVisible = 0;
			defaultConfigurationName = Release;
		};
		948B9C8F1EA3ED1C00E9684E /* Build configuration list for PBXNativeTarget "DemoApp" */ = {
			isa = XCConfigurationList;
			buildConfigurations = (
				948B9C901EA3ED1C00E9684E /* Debug */,
				948B9C911EA3ED1C00E9684E /* Release */,
			);
			defaultConfigurationIsVisible = 0;
			defaultConfigurationName = Release;
		};
		948B9CB61EA3EFD500E9684E /* Build configuration list for PBXNativeTarget "InstagramSimpleOAuth" */ = {
			isa = XCConfigurationList;
			buildConfigurations = (
				948B9CB71EA3EFD500E9684E /* Debug */,
				948B9CB81EA3EFD500E9684E /* Release */,
			);
			defaultConfigurationIsVisible = 0;
			defaultConfigurationName = Release;
		};
		AF407E2F1993BFA700F61872 /* Build configuration list for PBXProject "InstagramSimpleOAuth" */ = {
			isa = XCConfigurationList;
			buildConfigurations = (
				AF407E671993BFA700F61872 /* Debug */,
				AF407E681993BFA700F61872 /* Release */,
			);
			defaultConfigurationIsVisible = 0;
			defaultConfigurationName = Release;
		};
/* End XCConfigurationList section */
	};
	rootObject = AF407E2C1993BFA700F61872 /* Project object */;
}
